// !$*UTF8*$!
{
	archiveVersion = 1;
	classes = {
	};
	objectVersion = 50;
	objects = {

/* Begin PBXBuildFile section */
		3D05EFBA21F128EE00174A91 /* AppDelegate.swift in Sources */ = {isa = PBXBuildFile; fileRef = 3D05EFB921F128EE00174A91 /* AppDelegate.swift */; };
		3D05EFC121F128F000174A91 /* Assets.xcassets in Resources */ = {isa = PBXBuildFile; fileRef = 3D05EFC021F128F000174A91 /* Assets.xcassets */; };
		3D05EFC421F128F000174A91 /* LaunchScreen.storyboard in Resources */ = {isa = PBXBuildFile; fileRef = 3D05EFC221F128F000174A91 /* LaunchScreen.storyboard */; };
		3D05EFCE21F13B1600174A91 /* Networking.swift in Sources */ = {isa = PBXBuildFile; fileRef = 3D05EFCD21F13B1600174A91 /* Networking.swift */; };
		3D05EFD121F21A2400174A91 /* LoginRequest.swift in Sources */ = {isa = PBXBuildFile; fileRef = 3D05EFD021F21A2400174A91 /* LoginRequest.swift */; };
		3D05EFD421F21B7700174A91 /* User.swift in Sources */ = {isa = PBXBuildFile; fileRef = 3D05EFD321F21B7700174A91 /* User.swift */; };
		3D05EFD621F2281C00174A91 /* SimpleError.swift in Sources */ = {isa = PBXBuildFile; fileRef = 3D05EFD521F2281C00174A91 /* SimpleError.swift */; };
		3D05EFE021F5C4B200174A91 /* SignInViewController.swift in Sources */ = {isa = PBXBuildFile; fileRef = 3D05EFDF21F5C4B200174A91 /* SignInViewController.swift */; };
		3D05EFE421F5C4E900174A91 /* AppViewController.swift in Sources */ = {isa = PBXBuildFile; fileRef = 3D05EFE321F5C4E900174A91 /* AppViewController.swift */; };
		3D05EFE621F5C54800174A91 /* SignInViewController.xib in Resources */ = {isa = PBXBuildFile; fileRef = 3D05EFE521F5C54800174A91 /* SignInViewController.xib */; };
		3D05EFFD21F5C8DE00174A91 /* SF-Pro-Display-Thin.otf in Resources */ = {isa = PBXBuildFile; fileRef = 3D05EFEA21F5C8DE00174A91 /* SF-Pro-Display-Thin.otf */; };
		3D05EFFE21F5C8DE00174A91 /* SF-Pro-Display-SemiboldItalic.otf in Resources */ = {isa = PBXBuildFile; fileRef = 3D05EFEB21F5C8DE00174A91 /* SF-Pro-Display-SemiboldItalic.otf */; };
		3D05EFFF21F5C8DE00174A91 /* SF-Pro-Display-RegularItalic.otf in Resources */ = {isa = PBXBuildFile; fileRef = 3D05EFEC21F5C8DE00174A91 /* SF-Pro-Display-RegularItalic.otf */; };
		3D05F00021F5C8DE00174A91 /* SF-Pro-Display-Light.otf in Resources */ = {isa = PBXBuildFile; fileRef = 3D05EFED21F5C8DE00174A91 /* SF-Pro-Display-Light.otf */; };
		3D05F00121F5C8DE00174A91 /* SF-Pro-Display-Regular.otf in Resources */ = {isa = PBXBuildFile; fileRef = 3D05EFEE21F5C8DE00174A91 /* SF-Pro-Display-Regular.otf */; };
		3D05F00221F5C8DE00174A91 /* SF-Pro-Display-Bold.otf in Resources */ = {isa = PBXBuildFile; fileRef = 3D05EFEF21F5C8DE00174A91 /* SF-Pro-Display-Bold.otf */; };
		3D05F00321F5C8DE00174A91 /* SF-Pro-Display-Medium.otf in Resources */ = {isa = PBXBuildFile; fileRef = 3D05EFF021F5C8DE00174A91 /* SF-Pro-Display-Medium.otf */; };
		3D05F00421F5C8DE00174A91 /* SF-Pro-Display-Heavy.otf in Resources */ = {isa = PBXBuildFile; fileRef = 3D05EFF121F5C8DE00174A91 /* SF-Pro-Display-Heavy.otf */; };
		3D05F00521F5C8DE00174A91 /* SF-Pro-Display-Semibold.otf in Resources */ = {isa = PBXBuildFile; fileRef = 3D05EFF221F5C8DE00174A91 /* SF-Pro-Display-Semibold.otf */; };
		3D05F00621F5C8DE00174A91 /* README.md in Resources */ = {isa = PBXBuildFile; fileRef = 3D05EFF321F5C8DE00174A91 /* README.md */; };
		3D05F00721F5C8DE00174A91 /* SF-Pro-Display-MediumItalic.otf in Resources */ = {isa = PBXBuildFile; fileRef = 3D05EFF421F5C8DE00174A91 /* SF-Pro-Display-MediumItalic.otf */; };
		3D05F00821F5C8DE00174A91 /* SF-Pro-Display-HeavyItalic.otf in Resources */ = {isa = PBXBuildFile; fileRef = 3D05EFF521F5C8DE00174A91 /* SF-Pro-Display-HeavyItalic.otf */; };
		3D05F00921F5C8DE00174A91 /* SF-Pro-Display-Ultralight.otf in Resources */ = {isa = PBXBuildFile; fileRef = 3D05EFF621F5C8DE00174A91 /* SF-Pro-Display-Ultralight.otf */; };
		3D05F00A21F5C8DE00174A91 /* SF-Pro-Display-UltralightItalic.otf in Resources */ = {isa = PBXBuildFile; fileRef = 3D05EFF721F5C8DE00174A91 /* SF-Pro-Display-UltralightItalic.otf */; };
		3D05F00B21F5C8DE00174A91 /* SF-Pro-Display-LightItalic.otf in Resources */ = {isa = PBXBuildFile; fileRef = 3D05EFF821F5C8DE00174A91 /* SF-Pro-Display-LightItalic.otf */; };
		3D05F00C21F5C8DE00174A91 /* SF-Pro-Display-BlackItalic.otf in Resources */ = {isa = PBXBuildFile; fileRef = 3D05EFF921F5C8DE00174A91 /* SF-Pro-Display-BlackItalic.otf */; };
		3D05F00D21F5C8DE00174A91 /* SF-Pro-Display-Black.otf in Resources */ = {isa = PBXBuildFile; fileRef = 3D05EFFA21F5C8DE00174A91 /* SF-Pro-Display-Black.otf */; };
		3D05F00E21F5C8DE00174A91 /* SF-Pro-Display-ThinItalic.otf in Resources */ = {isa = PBXBuildFile; fileRef = 3D05EFFB21F5C8DE00174A91 /* SF-Pro-Display-ThinItalic.otf */; };
		3D05F00F21F5C8DE00174A91 /* SF-Pro-Display-BoldItalic.otf in Resources */ = {isa = PBXBuildFile; fileRef = 3D05EFFC21F5C8DE00174A91 /* SF-Pro-Display-BoldItalic.otf */; };
		3D05F01221F5D12E00174A91 /* SignUpViewController.swift in Sources */ = {isa = PBXBuildFile; fileRef = 3D05F01121F5D12E00174A91 /* SignUpViewController.swift */; };
		3D05F01421F5D14400174A91 /* SignUpViewController.xib in Resources */ = {isa = PBXBuildFile; fileRef = 3D05F01321F5D14400174A91 /* SignUpViewController.xib */; };
		3D05F01721F5E45300174A91 /* AuthenticationCoordinator.swift in Sources */ = {isa = PBXBuildFile; fileRef = 3D05F01621F5E45300174A91 /* AuthenticationCoordinator.swift */; };
		3D05F01A21F5F1BF00174A91 /* SignUpRequest.swift in Sources */ = {isa = PBXBuildFile; fileRef = 3D05F01921F5F1BF00174A91 /* SignUpRequest.swift */; };
		3D05F01E21F5F5EE00174A91 /* AuthResponse.swift in Sources */ = {isa = PBXBuildFile; fileRef = 3D05F01D21F5F5EE00174A91 /* AuthResponse.swift */; };
		3D05F02021F6020900174A91 /* AppAlert.swift in Sources */ = {isa = PBXBuildFile; fileRef = 3D05F01F21F6020900174A91 /* AppAlert.swift */; };
		3D05F02321F6023600174A91 /* UIViewController.swift in Sources */ = {isa = PBXBuildFile; fileRef = 3D05F02221F6023600174A91 /* UIViewController.swift */; };
		3DB447C121F60F9D00F93876 /* AppFlowCoordinator.swift in Sources */ = {isa = PBXBuildFile; fileRef = 3DB447C021F60F9D00F93876 /* AppFlowCoordinator.swift */; };
		3DB447C421F644DC00F93876 /* ValidatedTextField.swift in Sources */ = {isa = PBXBuildFile; fileRef = 3DB447C321F644DC00F93876 /* ValidatedTextField.swift */; };
		3DB447C621F66CDD00F93876 /* AppFont.swift in Sources */ = {isa = PBXBuildFile; fileRef = 3DB447C521F66CDD00F93876 /* AppFont.swift */; };
		3DB447CC21F74BC500F93876 /* PodcastsListView.swift in Sources */ = {isa = PBXBuildFile; fileRef = 3DB447CB21F74BC500F93876 /* PodcastsListView.swift */; };
		3DB447CE21F74E2A00F93876 /* PodcastsListView.xib in Resources */ = {isa = PBXBuildFile; fileRef = 3DB447CD21F74E2A00F93876 /* PodcastsListView.xib */; };
		3DB447D121F7534E00F93876 /* PodcastsListItemView.swift in Sources */ = {isa = PBXBuildFile; fileRef = 3DB447D021F7534E00F93876 /* PodcastsListItemView.swift */; };
		3DB447D321F7543F00F93876 /* PodcastsListItemView.xib in Resources */ = {isa = PBXBuildFile; fileRef = 3DB447D221F7543F00F93876 /* PodcastsListItemView.xib */; };
		3DB447D821F76F5C00F93876 /* HomeViewController.swift in Sources */ = {isa = PBXBuildFile; fileRef = 3DB447D721F76F5C00F93876 /* HomeViewController.swift */; };
		3DB447DB21F76F7A00F93876 /* HomeViewController.xib in Resources */ = {isa = PBXBuildFile; fileRef = 3DB447DA21F76F7A00F93876 /* HomeViewController.xib */; };
		7779C7FEA7DF64BC57173CF9 /* Pods_Brew.framework in Frameworks */ = {isa = PBXBuildFile; fileRef = 7E400C05C3172ECE4CF1CA52 /* Pods_Brew.framework */; };
/* End PBXBuildFile section */

/* Begin PBXFileReference section */
		3D05EFB621F128EE00174A91 /* Brew.app */ = {isa = PBXFileReference; explicitFileType = wrapper.application; includeInIndex = 0; path = Brew.app; sourceTree = BUILT_PRODUCTS_DIR; };
		3D05EFB921F128EE00174A91 /* AppDelegate.swift */ = {isa = PBXFileReference; lastKnownFileType = sourcecode.swift; path = AppDelegate.swift; sourceTree = "<group>"; };
		3D05EFC021F128F000174A91 /* Assets.xcassets */ = {isa = PBXFileReference; lastKnownFileType = folder.assetcatalog; path = Assets.xcassets; sourceTree = "<group>"; };
		3D05EFC321F128F000174A91 /* Base */ = {isa = PBXFileReference; lastKnownFileType = file.storyboard; name = Base; path = Base.lproj/LaunchScreen.storyboard; sourceTree = "<group>"; };
		3D05EFC521F128F000174A91 /* Info.plist */ = {isa = PBXFileReference; lastKnownFileType = text.plist.xml; path = Info.plist; sourceTree = "<group>"; };
		3D05EFCD21F13B1600174A91 /* Networking.swift */ = {isa = PBXFileReference; lastKnownFileType = sourcecode.swift; path = Networking.swift; sourceTree = "<group>"; };
		3D05EFD021F21A2400174A91 /* LoginRequest.swift */ = {isa = PBXFileReference; lastKnownFileType = sourcecode.swift; path = LoginRequest.swift; sourceTree = "<group>"; };
		3D05EFD321F21B7700174A91 /* User.swift */ = {isa = PBXFileReference; lastKnownFileType = sourcecode.swift; path = User.swift; sourceTree = "<group>"; };
		3D05EFD521F2281C00174A91 /* SimpleError.swift */ = {isa = PBXFileReference; lastKnownFileType = sourcecode.swift; path = SimpleError.swift; sourceTree = "<group>"; };
		3D05EFDF21F5C4B200174A91 /* SignInViewController.swift */ = {isa = PBXFileReference; lastKnownFileType = sourcecode.swift; path = SignInViewController.swift; sourceTree = "<group>"; };
		3D05EFE321F5C4E900174A91 /* AppViewController.swift */ = {isa = PBXFileReference; lastKnownFileType = sourcecode.swift; path = AppViewController.swift; sourceTree = "<group>"; };
		3D05EFE521F5C54800174A91 /* SignInViewController.xib */ = {isa = PBXFileReference; lastKnownFileType = file.xib; path = SignInViewController.xib; sourceTree = "<group>"; };
		3D05EFEA21F5C8DE00174A91 /* SF-Pro-Display-Thin.otf */ = {isa = PBXFileReference; lastKnownFileType = file; path = "SF-Pro-Display-Thin.otf"; sourceTree = "<group>"; };
		3D05EFEB21F5C8DE00174A91 /* SF-Pro-Display-SemiboldItalic.otf */ = {isa = PBXFileReference; lastKnownFileType = file; path = "SF-Pro-Display-SemiboldItalic.otf"; sourceTree = "<group>"; };
		3D05EFEC21F5C8DE00174A91 /* SF-Pro-Display-RegularItalic.otf */ = {isa = PBXFileReference; lastKnownFileType = file; path = "SF-Pro-Display-RegularItalic.otf"; sourceTree = "<group>"; };
		3D05EFED21F5C8DE00174A91 /* SF-Pro-Display-Light.otf */ = {isa = PBXFileReference; lastKnownFileType = file; path = "SF-Pro-Display-Light.otf"; sourceTree = "<group>"; };
		3D05EFEE21F5C8DE00174A91 /* SF-Pro-Display-Regular.otf */ = {isa = PBXFileReference; lastKnownFileType = file; path = "SF-Pro-Display-Regular.otf"; sourceTree = "<group>"; };
		3D05EFEF21F5C8DE00174A91 /* SF-Pro-Display-Bold.otf */ = {isa = PBXFileReference; lastKnownFileType = file; path = "SF-Pro-Display-Bold.otf"; sourceTree = "<group>"; };
		3D05EFF021F5C8DE00174A91 /* SF-Pro-Display-Medium.otf */ = {isa = PBXFileReference; lastKnownFileType = file; path = "SF-Pro-Display-Medium.otf"; sourceTree = "<group>"; };
		3D05EFF121F5C8DE00174A91 /* SF-Pro-Display-Heavy.otf */ = {isa = PBXFileReference; lastKnownFileType = file; path = "SF-Pro-Display-Heavy.otf"; sourceTree = "<group>"; };
		3D05EFF221F5C8DE00174A91 /* SF-Pro-Display-Semibold.otf */ = {isa = PBXFileReference; lastKnownFileType = file; path = "SF-Pro-Display-Semibold.otf"; sourceTree = "<group>"; };
		3D05EFF321F5C8DE00174A91 /* README.md */ = {isa = PBXFileReference; fileEncoding = 4; lastKnownFileType = net.daringfireball.markdown; path = README.md; sourceTree = "<group>"; };
		3D05EFF421F5C8DE00174A91 /* SF-Pro-Display-MediumItalic.otf */ = {isa = PBXFileReference; lastKnownFileType = file; path = "SF-Pro-Display-MediumItalic.otf"; sourceTree = "<group>"; };
		3D05EFF521F5C8DE00174A91 /* SF-Pro-Display-HeavyItalic.otf */ = {isa = PBXFileReference; lastKnownFileType = file; path = "SF-Pro-Display-HeavyItalic.otf"; sourceTree = "<group>"; };
		3D05EFF621F5C8DE00174A91 /* SF-Pro-Display-Ultralight.otf */ = {isa = PBXFileReference; lastKnownFileType = file; path = "SF-Pro-Display-Ultralight.otf"; sourceTree = "<group>"; };
		3D05EFF721F5C8DE00174A91 /* SF-Pro-Display-UltralightItalic.otf */ = {isa = PBXFileReference; lastKnownFileType = file; path = "SF-Pro-Display-UltralightItalic.otf"; sourceTree = "<group>"; };
		3D05EFF821F5C8DE00174A91 /* SF-Pro-Display-LightItalic.otf */ = {isa = PBXFileReference; lastKnownFileType = file; path = "SF-Pro-Display-LightItalic.otf"; sourceTree = "<group>"; };
		3D05EFF921F5C8DE00174A91 /* SF-Pro-Display-BlackItalic.otf */ = {isa = PBXFileReference; lastKnownFileType = file; path = "SF-Pro-Display-BlackItalic.otf"; sourceTree = "<group>"; };
		3D05EFFA21F5C8DE00174A91 /* SF-Pro-Display-Black.otf */ = {isa = PBXFileReference; lastKnownFileType = file; path = "SF-Pro-Display-Black.otf"; sourceTree = "<group>"; };
		3D05EFFB21F5C8DE00174A91 /* SF-Pro-Display-ThinItalic.otf */ = {isa = PBXFileReference; lastKnownFileType = file; path = "SF-Pro-Display-ThinItalic.otf"; sourceTree = "<group>"; };
		3D05EFFC21F5C8DE00174A91 /* SF-Pro-Display-BoldItalic.otf */ = {isa = PBXFileReference; lastKnownFileType = file; path = "SF-Pro-Display-BoldItalic.otf"; sourceTree = "<group>"; };
		3D05F01121F5D12E00174A91 /* SignUpViewController.swift */ = {isa = PBXFileReference; lastKnownFileType = sourcecode.swift; path = SignUpViewController.swift; sourceTree = "<group>"; };
		3D05F01321F5D14400174A91 /* SignUpViewController.xib */ = {isa = PBXFileReference; lastKnownFileType = file.xib; path = SignUpViewController.xib; sourceTree = "<group>"; };
		3D05F01621F5E45300174A91 /* AuthenticationCoordinator.swift */ = {isa = PBXFileReference; lastKnownFileType = sourcecode.swift; path = AuthenticationCoordinator.swift; sourceTree = "<group>"; };
		3D05F01921F5F1BF00174A91 /* SignUpRequest.swift */ = {isa = PBXFileReference; lastKnownFileType = sourcecode.swift; path = SignUpRequest.swift; sourceTree = "<group>"; };
		3D05F01D21F5F5EE00174A91 /* AuthResponse.swift */ = {isa = PBXFileReference; lastKnownFileType = sourcecode.swift; path = AuthResponse.swift; sourceTree = "<group>"; };
		3D05F01F21F6020900174A91 /* AppAlert.swift */ = {isa = PBXFileReference; lastKnownFileType = sourcecode.swift; path = AppAlert.swift; sourceTree = "<group>"; };
		3D05F02221F6023600174A91 /* UIViewController.swift */ = {isa = PBXFileReference; lastKnownFileType = sourcecode.swift; path = UIViewController.swift; sourceTree = "<group>"; };
		3DB447C021F60F9D00F93876 /* AppFlowCoordinator.swift */ = {isa = PBXFileReference; lastKnownFileType = sourcecode.swift; path = AppFlowCoordinator.swift; sourceTree = "<group>"; };
		3DB447C321F644DC00F93876 /* ValidatedTextField.swift */ = {isa = PBXFileReference; lastKnownFileType = sourcecode.swift; path = ValidatedTextField.swift; sourceTree = "<group>"; };
		3DB447C521F66CDD00F93876 /* AppFont.swift */ = {isa = PBXFileReference; fileEncoding = 4; lastKnownFileType = sourcecode.swift; path = AppFont.swift; sourceTree = "<group>"; };
		3DB447CB21F74BC500F93876 /* PodcastsListView.swift */ = {isa = PBXFileReference; lastKnownFileType = sourcecode.swift; path = PodcastsListView.swift; sourceTree = "<group>"; };
		3DB447CD21F74E2A00F93876 /* PodcastsListView.xib */ = {isa = PBXFileReference; lastKnownFileType = file.xib; path = PodcastsListView.xib; sourceTree = "<group>"; };
		3DB447D021F7534E00F93876 /* PodcastsListItemView.swift */ = {isa = PBXFileReference; lastKnownFileType = sourcecode.swift; path = PodcastsListItemView.swift; sourceTree = "<group>"; };
		3DB447D221F7543F00F93876 /* PodcastsListItemView.xib */ = {isa = PBXFileReference; lastKnownFileType = file.xib; path = PodcastsListItemView.xib; sourceTree = "<group>"; };
		3DB447D721F76F5C00F93876 /* HomeViewController.swift */ = {isa = PBXFileReference; lastKnownFileType = sourcecode.swift; path = HomeViewController.swift; sourceTree = "<group>"; };
		3DB447DA21F76F7A00F93876 /* HomeViewController.xib */ = {isa = PBXFileReference; lastKnownFileType = file.xib; path = HomeViewController.xib; sourceTree = "<group>"; };
		488F898F4235E136B7D311B4 /* Pods-Brew.debug.xcconfig */ = {isa = PBXFileReference; includeInIndex = 1; lastKnownFileType = text.xcconfig; name = "Pods-Brew.debug.xcconfig"; path = "Pods/Target Support Files/Pods-Brew/Pods-Brew.debug.xcconfig"; sourceTree = "<group>"; };
		7E400C05C3172ECE4CF1CA52 /* Pods_Brew.framework */ = {isa = PBXFileReference; explicitFileType = wrapper.framework; includeInIndex = 0; path = Pods_Brew.framework; sourceTree = BUILT_PRODUCTS_DIR; };
		88A54173F7B7B92D0BC3E336 /* Pods-Brew.release.xcconfig */ = {isa = PBXFileReference; includeInIndex = 1; lastKnownFileType = text.xcconfig; name = "Pods-Brew.release.xcconfig"; path = "Pods/Target Support Files/Pods-Brew/Pods-Brew.release.xcconfig"; sourceTree = "<group>"; };
/* End PBXFileReference section */

/* Begin PBXFrameworksBuildPhase section */
		3D05EFB321F128EE00174A91 /* Frameworks */ = {
			isa = PBXFrameworksBuildPhase;
			buildActionMask = 2147483647;
			files = (
				7779C7FEA7DF64BC57173CF9 /* Pods_Brew.framework in Frameworks */,
			);
			runOnlyForDeploymentPostprocessing = 0;
		};
/* End PBXFrameworksBuildPhase section */

/* Begin PBXGroup section */
		3D05EFAD21F128EE00174A91 = {
			isa = PBXGroup;
			children = (
				3D05EFB821F128EE00174A91 /* Brew */,
				3D05EFB721F128EE00174A91 /* Products */,
				65E97A5620630B01F8C70077 /* Pods */,
				CFCEA6CE197181213CF7B381 /* Frameworks */,
			);
			sourceTree = "<group>";
		};
		3D05EFB721F128EE00174A91 /* Products */ = {
			isa = PBXGroup;
			children = (
				3D05EFB621F128EE00174A91 /* Brew.app */,
			);
			name = Products;
			sourceTree = "<group>";
		};
		3D05EFB821F128EE00174A91 /* Brew */ = {
			isa = PBXGroup;
			children = (
				3D05EFCB21F139EC00174A91 /* Buisiness Logic */,
				3D05EFDA21F5C41100174A91 /* Presentation Logic */,
				3D05EFE721F5C89900174A91 /* Resources */,
			);
			path = Brew;
			sourceTree = "<group>";
		};
		3D05EFCB21F139EC00174A91 /* Buisiness Logic */ = {
			isa = PBXGroup;
			children = (
				3D05EFCC21F13A7000174A91 /* Networking */,
				3D05EFD221F21B6700174A91 /* Models */,
			);
			path = "Buisiness Logic";
			sourceTree = "<group>";
		};
		3D05EFCC21F13A7000174A91 /* Networking */ = {
			isa = PBXGroup;
			children = (
				3D05EFCF21F219EA00174A91 /* Requests */,
				3D05EFCD21F13B1600174A91 /* Networking.swift */,
			);
			path = Networking;
			sourceTree = "<group>";
		};
		3D05EFCF21F219EA00174A91 /* Requests */ = {
			isa = PBXGroup;
			children = (
				3D05EFD021F21A2400174A91 /* LoginRequest.swift */,
				3D05F01921F5F1BF00174A91 /* SignUpRequest.swift */,
			);
			path = Requests;
			sourceTree = "<group>";
		};
		3D05EFD221F21B6700174A91 /* Models */ = {
			isa = PBXGroup;
			children = (
				3D05F01C21F5F5D500174A91 /* Entities */,
				3D05F01B21F5F5C300174A91 /* Responses */,
				3D05F01821F5E65C00174A91 /* Errors */,
			);
			path = Models;
			sourceTree = "<group>";
		};
		3D05EFDA21F5C41100174A91 /* Presentation Logic */ = {
			isa = PBXGroup;
			children = (
				3D05EFE121F5C4C500174A91 /* General */,
				3D05EFDB21F5C42A00174A91 /* Stories */,
			);
			path = "Presentation Logic";
			sourceTree = "<group>";
		};
		3D05EFDB21F5C42A00174A91 /* Stories */ = {
			isa = PBXGroup;
			children = (
				3DB447D421F76EE500F93876 /* Home */,
				3DB447C821F74B8B00F93876 /* Podcasts */,
				3D05EFDD21F5C44900174A91 /* Authentication */,
			);
			path = Stories;
			sourceTree = "<group>";
		};
		3D05EFDC21F5C43900174A91 /* Utils */ = {
			isa = PBXGroup;
			children = (
				3D05F01F21F6020900174A91 /* AppAlert.swift */,
				3DB447C521F66CDD00F93876 /* AppFont.swift */,
			);
			path = Utils;
			sourceTree = "<group>";
		};
		3D05EFDD21F5C44900174A91 /* Authentication */ = {
			isa = PBXGroup;
			children = (
				3D05F01621F5E45300174A91 /* AuthenticationCoordinator.swift */,
				3D05F01521F5E35100174A91 /* Controllers */,
			);
			path = Authentication;
			sourceTree = "<group>";
		};
		3D05EFDE21F5C49000174A91 /* SignInViewController */ = {
			isa = PBXGroup;
			children = (
				3D05EFDF21F5C4B200174A91 /* SignInViewController.swift */,
				3D05EFE521F5C54800174A91 /* SignInViewController.xib */,
			);
			path = SignInViewController;
			sourceTree = "<group>";
		};
		3D05EFE121F5C4C500174A91 /* General */ = {
			isa = PBXGroup;
			children = (
				3D05EFB921F128EE00174A91 /* AppDelegate.swift */,
				3DB447C021F60F9D00F93876 /* AppFlowCoordinator.swift */,
				3DB447C221F642D200F93876 /* Classes */,
				3D05F02121F6022000174A91 /* Extensions */,
				3D05EFDC21F5C43900174A91 /* Utils */,
			);
			path = General;
			sourceTree = "<group>";
		};
		3D05EFE221F5C4DB00174A91 /* Base */ = {
			isa = PBXGroup;
			children = (
				3D05EFE321F5C4E900174A91 /* AppViewController.swift */,
			);
			path = Base;
			sourceTree = "<group>";
		};
		3D05EFE721F5C89900174A91 /* Resources */ = {
			isa = PBXGroup;
			children = (
				3D05EFE821F5C8C400174A91 /* Fonts */,
				3D05EFC021F128F000174A91 /* Assets.xcassets */,
				3D05EFC221F128F000174A91 /* LaunchScreen.storyboard */,
				3D05EFC521F128F000174A91 /* Info.plist */,
			);
			path = Resources;
			sourceTree = "<group>";
		};
		3D05EFE821F5C8C400174A91 /* Fonts */ = {
			isa = PBXGroup;
			children = (
				3D05EFE921F5C8DE00174A91 /* San-Francisco-Pro-Fonts */,
			);
			path = Fonts;
			sourceTree = "<group>";
		};
		3D05EFE921F5C8DE00174A91 /* San-Francisco-Pro-Fonts */ = {
			isa = PBXGroup;
			children = (
				3D05EFEA21F5C8DE00174A91 /* SF-Pro-Display-Thin.otf */,
				3D05EFEB21F5C8DE00174A91 /* SF-Pro-Display-SemiboldItalic.otf */,
				3D05EFEC21F5C8DE00174A91 /* SF-Pro-Display-RegularItalic.otf */,
				3D05EFED21F5C8DE00174A91 /* SF-Pro-Display-Light.otf */,
				3D05EFEE21F5C8DE00174A91 /* SF-Pro-Display-Regular.otf */,
				3D05EFEF21F5C8DE00174A91 /* SF-Pro-Display-Bold.otf */,
				3D05EFF021F5C8DE00174A91 /* SF-Pro-Display-Medium.otf */,
				3D05EFF121F5C8DE00174A91 /* SF-Pro-Display-Heavy.otf */,
				3D05EFF221F5C8DE00174A91 /* SF-Pro-Display-Semibold.otf */,
				3D05EFF321F5C8DE00174A91 /* README.md */,
				3D05EFF421F5C8DE00174A91 /* SF-Pro-Display-MediumItalic.otf */,
				3D05EFF521F5C8DE00174A91 /* SF-Pro-Display-HeavyItalic.otf */,
				3D05EFF621F5C8DE00174A91 /* SF-Pro-Display-Ultralight.otf */,
				3D05EFF721F5C8DE00174A91 /* SF-Pro-Display-UltralightItalic.otf */,
				3D05EFF821F5C8DE00174A91 /* SF-Pro-Display-LightItalic.otf */,
				3D05EFF921F5C8DE00174A91 /* SF-Pro-Display-BlackItalic.otf */,
				3D05EFFA21F5C8DE00174A91 /* SF-Pro-Display-Black.otf */,
				3D05EFFB21F5C8DE00174A91 /* SF-Pro-Display-ThinItalic.otf */,
				3D05EFFC21F5C8DE00174A91 /* SF-Pro-Display-BoldItalic.otf */,
			);
			path = "San-Francisco-Pro-Fonts";
			sourceTree = "<group>";
		};
		3D05F01021F5D11700174A91 /* SIgnUpViewController */ = {
			isa = PBXGroup;
			children = (
				3D05F01121F5D12E00174A91 /* SignUpViewController.swift */,
				3D05F01321F5D14400174A91 /* SignUpViewController.xib */,
			);
			path = SIgnUpViewController;
			sourceTree = "<group>";
		};
		3D05F01521F5E35100174A91 /* Controllers */ = {
			isa = PBXGroup;
			children = (
				3D05F01021F5D11700174A91 /* SIgnUpViewController */,
				3D05EFDE21F5C49000174A91 /* SignInViewController */,
			);
			path = Controllers;
			sourceTree = "<group>";
		};
		3D05F01821F5E65C00174A91 /* Errors */ = {
			isa = PBXGroup;
			children = (
				3D05EFD521F2281C00174A91 /* SimpleError.swift */,
			);
			path = Errors;
			sourceTree = "<group>";
		};
		3D05F01B21F5F5C300174A91 /* Responses */ = {
			isa = PBXGroup;
			children = (
				3D05F01D21F5F5EE00174A91 /* AuthResponse.swift */,
			);
			path = Responses;
			sourceTree = "<group>";
		};
		3D05F01C21F5F5D500174A91 /* Entities */ = {
			isa = PBXGroup;
			children = (
				3D05EFD321F21B7700174A91 /* User.swift */,
			);
			path = Entities;
			sourceTree = "<group>";
		};
		3D05F02121F6022000174A91 /* Extensions */ = {
			isa = PBXGroup;
			children = (
				3D05F02221F6023600174A91 /* UIViewController.swift */,
			);
			path = Extensions;
			sourceTree = "<group>";
		};
		3DB447C221F642D200F93876 /* Classes */ = {
			isa = PBXGroup;
			children = (
				3DB447C321F644DC00F93876 /* ValidatedTextField.swift */,
				3D05EFE221F5C4DB00174A91 /* Base */,
			);
			path = Classes;
			sourceTree = "<group>";
		};
		3DB447C821F74B8B00F93876 /* Podcasts */ = {
			isa = PBXGroup;
			children = (
				3DB447C921F74B9500F93876 /* Views */,
			);
			path = Podcasts;
			sourceTree = "<group>";
		};
		3DB447C921F74B9500F93876 /* Views */ = {
			isa = PBXGroup;
			children = (
				3DB447CA21F74B9D00F93876 /* PodcastsListView */,
			);
			path = Views;
			sourceTree = "<group>";
		};
		3DB447CA21F74B9D00F93876 /* PodcastsListView */ = {
			isa = PBXGroup;
			children = (
				3DB447CF21F7532300F93876 /* PodcastsListItemView */,
				3DB447CB21F74BC500F93876 /* PodcastsListView.swift */,
				3DB447CD21F74E2A00F93876 /* PodcastsListView.xib */,
			);
			path = PodcastsListView;
			sourceTree = "<group>";
		};
		3DB447CF21F7532300F93876 /* PodcastsListItemView */ = {
			isa = PBXGroup;
			children = (
				3DB447D021F7534E00F93876 /* PodcastsListItemView.swift */,
				3DB447D221F7543F00F93876 /* PodcastsListItemView.xib */,
			);
			path = PodcastsListItemView;
			sourceTree = "<group>";
		};
		3DB447D421F76EE500F93876 /* Home */ = {
			isa = PBXGroup;
			children = (
				3DB447D521F76EFF00F93876 /* Controllers */,
			);
			path = Home;
			sourceTree = "<group>";
		};
		3DB447D521F76EFF00F93876 /* Controllers */ = {
			isa = PBXGroup;
			children = (
				3DB447D621F76F0500F93876 /* HomeViewController */,
			);
			path = Controllers;
			sourceTree = "<group>";
		};
		3DB447D621F76F0500F93876 /* HomeViewController */ = {
			isa = PBXGroup;
			children = (
				3DB447D721F76F5C00F93876 /* HomeViewController.swift */,
				3DB447DA21F76F7A00F93876 /* HomeViewController.xib */,
			);
			path = HomeViewController;
			sourceTree = "<group>";
		};
		65E97A5620630B01F8C70077 /* Pods */ = {
			isa = PBXGroup;
			children = (
				488F898F4235E136B7D311B4 /* Pods-Brew.debug.xcconfig */,
				88A54173F7B7B92D0BC3E336 /* Pods-Brew.release.xcconfig */,
			);
			name = Pods;
			sourceTree = "<group>";
		};
		CFCEA6CE197181213CF7B381 /* Frameworks */ = {
			isa = PBXGroup;
			children = (
				7E400C05C3172ECE4CF1CA52 /* Pods_Brew.framework */,
			);
			name = Frameworks;
			sourceTree = "<group>";
		};
/* End PBXGroup section */

/* Begin PBXNativeTarget section */
		3D05EFB521F128EE00174A91 /* Brew */ = {
			isa = PBXNativeTarget;
			buildConfigurationList = 3D05EFC821F128F000174A91 /* Build configuration list for PBXNativeTarget "Brew" */;
			buildPhases = (
				A1ACD3A4ED7787F00B404552 /* [CP] Check Pods Manifest.lock */,
				3D05EFB221F128EE00174A91 /* Sources */,
				3D05EFB321F128EE00174A91 /* Frameworks */,
				3D05EFB421F128EE00174A91 /* Resources */,
				BC57CBBEB65538D9CA49832E /* [CP] Embed Pods Frameworks */,
			);
			buildRules = (
			);
			dependencies = (
			);
			name = Brew;
			productName = Brew;
			productReference = 3D05EFB621F128EE00174A91 /* Brew.app */;
			productType = "com.apple.product-type.application";
		};
/* End PBXNativeTarget section */

/* Begin PBXProject section */
		3D05EFAE21F128EE00174A91 /* Project object */ = {
			isa = PBXProject;
			attributes = {
				LastSwiftUpdateCheck = 1010;
				LastUpgradeCheck = 1010;
				ORGANIZATIONNAME = NerdzLab;
				TargetAttributes = {
					3D05EFB521F128EE00174A91 = {
						CreatedOnToolsVersion = 10.1;
					};
				};
			};
			buildConfigurationList = 3D05EFB121F128EE00174A91 /* Build configuration list for PBXProject "Brew" */;
			compatibilityVersion = "Xcode 9.3";
			developmentRegion = en;
			hasScannedForEncodings = 0;
			knownRegions = (
				en,
				Base,
			);
			mainGroup = 3D05EFAD21F128EE00174A91;
			productRefGroup = 3D05EFB721F128EE00174A91 /* Products */;
			projectDirPath = "";
			projectRoot = "";
			targets = (
				3D05EFB521F128EE00174A91 /* Brew */,
			);
		};
/* End PBXProject section */

/* Begin PBXResourcesBuildPhase section */
		3D05EFB421F128EE00174A91 /* Resources */ = {
			isa = PBXResourcesBuildPhase;
			buildActionMask = 2147483647;
			files = (
				3D05F00521F5C8DE00174A91 /* SF-Pro-Display-Semibold.otf in Resources */,
				3D05F00021F5C8DE00174A91 /* SF-Pro-Display-Light.otf in Resources */,
				3D05F00421F5C8DE00174A91 /* SF-Pro-Display-Heavy.otf in Resources */,
				3D05EFFD21F5C8DE00174A91 /* SF-Pro-Display-Thin.otf in Resources */,
				3D05F00821F5C8DE00174A91 /* SF-Pro-Display-HeavyItalic.otf in Resources */,
				3D05F01421F5D14400174A91 /* SignUpViewController.xib in Resources */,
				3D05F00721F5C8DE00174A91 /* SF-Pro-Display-MediumItalic.otf in Resources */,
				3D05F00621F5C8DE00174A91 /* README.md in Resources */,
				3D05F00D21F5C8DE00174A91 /* SF-Pro-Display-Black.otf in Resources */,
				3DB447CE21F74E2A00F93876 /* PodcastsListView.xib in Resources */,
				3D05F00221F5C8DE00174A91 /* SF-Pro-Display-Bold.otf in Resources */,
				3D05F00B21F5C8DE00174A91 /* SF-Pro-Display-LightItalic.otf in Resources */,
				3DB447D321F7543F00F93876 /* PodcastsListItemView.xib in Resources */,
				3D05F00E21F5C8DE00174A91 /* SF-Pro-Display-ThinItalic.otf in Resources */,
				3D05F00121F5C8DE00174A91 /* SF-Pro-Display-Regular.otf in Resources */,
				3DB447DB21F76F7A00F93876 /* HomeViewController.xib in Resources */,
				3D05F00321F5C8DE00174A91 /* SF-Pro-Display-Medium.otf in Resources */,
				3D05EFE621F5C54800174A91 /* SignInViewController.xib in Resources */,
				3D05F00921F5C8DE00174A91 /* SF-Pro-Display-Ultralight.otf in Resources */,
				3D05EFFF21F5C8DE00174A91 /* SF-Pro-Display-RegularItalic.otf in Resources */,
				3D05EFC421F128F000174A91 /* LaunchScreen.storyboard in Resources */,
				3D05F00C21F5C8DE00174A91 /* SF-Pro-Display-BlackItalic.otf in Resources */,
				3D05F00F21F5C8DE00174A91 /* SF-Pro-Display-BoldItalic.otf in Resources */,
				3D05F00A21F5C8DE00174A91 /* SF-Pro-Display-UltralightItalic.otf in Resources */,
				3D05EFC121F128F000174A91 /* Assets.xcassets in Resources */,
				3D05EFFE21F5C8DE00174A91 /* SF-Pro-Display-SemiboldItalic.otf in Resources */,
			);
			runOnlyForDeploymentPostprocessing = 0;
		};
/* End PBXResourcesBuildPhase section */

/* Begin PBXShellScriptBuildPhase section */
		A1ACD3A4ED7787F00B404552 /* [CP] Check Pods Manifest.lock */ = {
			isa = PBXShellScriptBuildPhase;
			buildActionMask = 2147483647;
			files = (
			);
			inputFileListPaths = (
			);
			inputPaths = (
				"${PODS_PODFILE_DIR_PATH}/Podfile.lock",
				"${PODS_ROOT}/Manifest.lock",
			);
			name = "[CP] Check Pods Manifest.lock";
			outputFileListPaths = (
			);
			outputPaths = (
				"$(DERIVED_FILE_DIR)/Pods-Brew-checkManifestLockResult.txt",
			);
			runOnlyForDeploymentPostprocessing = 0;
			shellPath = /bin/sh;
			shellScript = "diff \"${PODS_PODFILE_DIR_PATH}/Podfile.lock\" \"${PODS_ROOT}/Manifest.lock\" > /dev/null\nif [ $? != 0 ] ; then\n    # print error to STDERR\n    echo \"error: The sandbox is not in sync with the Podfile.lock. Run 'pod install' or update your CocoaPods installation.\" >&2\n    exit 1\nfi\n# This output is used by Xcode 'outputs' to avoid re-running this script phase.\necho \"SUCCESS\" > \"${SCRIPT_OUTPUT_FILE_0}\"\n";
			showEnvVarsInLog = 0;
		};
		BC57CBBEB65538D9CA49832E /* [CP] Embed Pods Frameworks */ = {
			isa = PBXShellScriptBuildPhase;
			buildActionMask = 2147483647;
			files = (
			);
			inputFileListPaths = (
			);
			inputPaths = (
				"${SRCROOT}/Pods/Target Support Files/Pods-Brew/Pods-Brew-frameworks.sh",
				"${BUILT_PRODUCTS_DIR}/Reusable/Reusable.framework",
				"${BUILT_PRODUCTS_DIR}/SDWebImage/SDWebImage.framework",
				"${BUILT_PRODUCTS_DIR}/TPKeyboardAvoiding/TPKeyboardAvoiding.framework",
			);
			name = "[CP] Embed Pods Frameworks";
			outputFileListPaths = (
			);
			outputPaths = (
				"${TARGET_BUILD_DIR}/${FRAMEWORKS_FOLDER_PATH}/Reusable.framework",
				"${TARGET_BUILD_DIR}/${FRAMEWORKS_FOLDER_PATH}/SDWebImage.framework",
				"${TARGET_BUILD_DIR}/${FRAMEWORKS_FOLDER_PATH}/TPKeyboardAvoiding.framework",
			);
			runOnlyForDeploymentPostprocessing = 0;
			shellPath = /bin/sh;
			shellScript = "\"${SRCROOT}/Pods/Target Support Files/Pods-Brew/Pods-Brew-frameworks.sh\"\n";
			showEnvVarsInLog = 0;
		};
/* End PBXShellScriptBuildPhase section */

/* Begin PBXSourcesBuildPhase section */
		3D05EFB221F128EE00174A91 /* Sources */ = {
			isa = PBXSourcesBuildPhase;
			buildActionMask = 2147483647;
			files = (
				3DB447C621F66CDD00F93876 /* AppFont.swift in Sources */,
				3DB447C421F644DC00F93876 /* ValidatedTextField.swift in Sources */,
				3DB447D821F76F5C00F93876 /* HomeViewController.swift in Sources */,
				3D05EFE021F5C4B200174A91 /* SignInViewController.swift in Sources */,
				3D05EFCE21F13B1600174A91 /* Networking.swift in Sources */,
				3D05F02021F6020900174A91 /* AppAlert.swift in Sources */,
				3D05F01221F5D12E00174A91 /* SignUpViewController.swift in Sources */,
				3DB447D121F7534E00F93876 /* PodcastsListItemView.swift in Sources */,
				3D05EFE421F5C4E900174A91 /* AppViewController.swift in Sources */,
				3D05EFD121F21A2400174A91 /* LoginRequest.swift in Sources */,
				3D05EFD621F2281C00174A91 /* SimpleError.swift in Sources */,
				3D05F02321F6023600174A91 /* UIViewController.swift in Sources */,
				3D05F01721F5E45300174A91 /* AuthenticationCoordinator.swift in Sources */,
				3D05F01A21F5F1BF00174A91 /* SignUpRequest.swift in Sources */,
				3DB447C121F60F9D00F93876 /* AppFlowCoordinator.swift in Sources */,
				3D05F01E21F5F5EE00174A91 /* AuthResponse.swift in Sources */,
				3D05EFD421F21B7700174A91 /* User.swift in Sources */,
				3DB447CC21F74BC500F93876 /* PodcastsListView.swift in Sources */,
				3D05EFBA21F128EE00174A91 /* AppDelegate.swift in Sources */,
			);
			runOnlyForDeploymentPostprocessing = 0;
		};
/* End PBXSourcesBuildPhase section */

/* Begin PBXVariantGroup section */
		3D05EFC221F128F000174A91 /* LaunchScreen.storyboard */ = {
			isa = PBXVariantGroup;
			children = (
				3D05EFC321F128F000174A91 /* Base */,
			);
			name = LaunchScreen.storyboard;
			sourceTree = "<group>";
		};
/* End PBXVariantGroup section */

/* Begin XCBuildConfiguration section */
		3D05EFC621F128F000174A91 /* Debug */ = {
			isa = XCBuildConfiguration;
			buildSettings = {
				ALWAYS_SEARCH_USER_PATHS = NO;
				CLANG_ANALYZER_NONNULL = YES;
				CLANG_ANALYZER_NUMBER_OBJECT_CONVERSION = YES_AGGRESSIVE;
				CLANG_CXX_LANGUAGE_STANDARD = "gnu++14";
				CLANG_CXX_LIBRARY = "libc++";
				CLANG_ENABLE_MODULES = YES;
				CLANG_ENABLE_OBJC_ARC = YES;
				CLANG_ENABLE_OBJC_WEAK = YES;
				CLANG_WARN_BLOCK_CAPTURE_AUTORELEASING = YES;
				CLANG_WARN_BOOL_CONVERSION = YES;
				CLANG_WARN_COMMA = YES;
				CLANG_WARN_CONSTANT_CONVERSION = YES;
				CLANG_WARN_DEPRECATED_OBJC_IMPLEMENTATIONS = YES;
				CLANG_WARN_DIRECT_OBJC_ISA_USAGE = YES_ERROR;
				CLANG_WARN_DOCUMENTATION_COMMENTS = YES;
				CLANG_WARN_EMPTY_BODY = YES;
				CLANG_WARN_ENUM_CONVERSION = YES;
				CLANG_WARN_INFINITE_RECURSION = YES;
				CLANG_WARN_INT_CONVERSION = YES;
				CLANG_WARN_NON_LITERAL_NULL_CONVERSION = YES;
				CLANG_WARN_OBJC_IMPLICIT_RETAIN_SELF = YES;
				CLANG_WARN_OBJC_LITERAL_CONVERSION = YES;
				CLANG_WARN_OBJC_ROOT_CLASS = YES_ERROR;
				CLANG_WARN_RANGE_LOOP_ANALYSIS = YES;
				CLANG_WARN_STRICT_PROTOTYPES = YES;
				CLANG_WARN_SUSPICIOUS_MOVE = YES;
				CLANG_WARN_UNGUARDED_AVAILABILITY = YES_AGGRESSIVE;
				CLANG_WARN_UNREACHABLE_CODE = YES;
				CLANG_WARN__DUPLICATE_METHOD_MATCH = YES;
				CODE_SIGN_IDENTITY = "iPhone Developer";
				COPY_PHASE_STRIP = NO;
				DEBUG_INFORMATION_FORMAT = dwarf;
				ENABLE_STRICT_OBJC_MSGSEND = YES;
				ENABLE_TESTABILITY = YES;
				GCC_C_LANGUAGE_STANDARD = gnu11;
				GCC_DYNAMIC_NO_PIC = NO;
				GCC_NO_COMMON_BLOCKS = YES;
				GCC_OPTIMIZATION_LEVEL = 0;
				GCC_PREPROCESSOR_DEFINITIONS = (
					"DEBUG=1",
					"$(inherited)",
				);
				GCC_WARN_64_TO_32_BIT_CONVERSION = YES;
				GCC_WARN_ABOUT_RETURN_TYPE = YES_ERROR;
				GCC_WARN_UNDECLARED_SELECTOR = YES;
				GCC_WARN_UNINITIALIZED_AUTOS = YES_AGGRESSIVE;
				GCC_WARN_UNUSED_FUNCTION = YES;
				GCC_WARN_UNUSED_VARIABLE = YES;
				IPHONEOS_DEPLOYMENT_TARGET = 12.1;
				MTL_ENABLE_DEBUG_INFO = INCLUDE_SOURCE;
				MTL_FAST_MATH = YES;
				ONLY_ACTIVE_ARCH = YES;
				SDKROOT = iphoneos;
				SWIFT_ACTIVE_COMPILATION_CONDITIONS = DEBUG;
				SWIFT_OPTIMIZATION_LEVEL = "-Onone";
			};
			name = Debug;
		};
		3D05EFC721F128F000174A91 /* Release */ = {
			isa = XCBuildConfiguration;
			buildSettings = {
				ALWAYS_SEARCH_USER_PATHS = NO;
				CLANG_ANALYZER_NONNULL = YES;
				CLANG_ANALYZER_NUMBER_OBJECT_CONVERSION = YES_AGGRESSIVE;
				CLANG_CXX_LANGUAGE_STANDARD = "gnu++14";
				CLANG_CXX_LIBRARY = "libc++";
				CLANG_ENABLE_MODULES = YES;
				CLANG_ENABLE_OBJC_ARC = YES;
				CLANG_ENABLE_OBJC_WEAK = YES;
				CLANG_WARN_BLOCK_CAPTURE_AUTORELEASING = YES;
				CLANG_WARN_BOOL_CONVERSION = YES;
				CLANG_WARN_COMMA = YES;
				CLANG_WARN_CONSTANT_CONVERSION = YES;
				CLANG_WARN_DEPRECATED_OBJC_IMPLEMENTATIONS = YES;
				CLANG_WARN_DIRECT_OBJC_ISA_USAGE = YES_ERROR;
				CLANG_WARN_DOCUMENTATION_COMMENTS = YES;
				CLANG_WARN_EMPTY_BODY = YES;
				CLANG_WARN_ENUM_CONVERSION = YES;
				CLANG_WARN_INFINITE_RECURSION = YES;
				CLANG_WARN_INT_CONVERSION = YES;
				CLANG_WARN_NON_LITERAL_NULL_CONVERSION = YES;
				CLANG_WARN_OBJC_IMPLICIT_RETAIN_SELF = YES;
				CLANG_WARN_OBJC_LITERAL_CONVERSION = YES;
				CLANG_WARN_OBJC_ROOT_CLASS = YES_ERROR;
				CLANG_WARN_RANGE_LOOP_ANALYSIS = YES;
				CLANG_WARN_STRICT_PROTOTYPES = YES;
				CLANG_WARN_SUSPICIOUS_MOVE = YES;
				CLANG_WARN_UNGUARDED_AVAILABILITY = YES_AGGRESSIVE;
				CLANG_WARN_UNREACHABLE_CODE = YES;
				CLANG_WARN__DUPLICATE_METHOD_MATCH = YES;
				CODE_SIGN_IDENTITY = "iPhone Developer";
				COPY_PHASE_STRIP = NO;
				DEBUG_INFORMATION_FORMAT = "dwarf-with-dsym";
				ENABLE_NS_ASSERTIONS = NO;
				ENABLE_STRICT_OBJC_MSGSEND = YES;
				GCC_C_LANGUAGE_STANDARD = gnu11;
				GCC_NO_COMMON_BLOCKS = YES;
				GCC_WARN_64_TO_32_BIT_CONVERSION = YES;
				GCC_WARN_ABOUT_RETURN_TYPE = YES_ERROR;
				GCC_WARN_UNDECLARED_SELECTOR = YES;
				GCC_WARN_UNINITIALIZED_AUTOS = YES_AGGRESSIVE;
				GCC_WARN_UNUSED_FUNCTION = YES;
				GCC_WARN_UNUSED_VARIABLE = YES;
				IPHONEOS_DEPLOYMENT_TARGET = 12.1;
				MTL_ENABLE_DEBUG_INFO = NO;
				MTL_FAST_MATH = YES;
				SDKROOT = iphoneos;
				SWIFT_COMPILATION_MODE = wholemodule;
				SWIFT_OPTIMIZATION_LEVEL = "-O";
				VALIDATE_PRODUCT = YES;
			};
			name = Release;
		};
		3D05EFC921F128F000174A91 /* Debug */ = {
			isa = XCBuildConfiguration;
			baseConfigurationReference = 488F898F4235E136B7D311B4 /* Pods-Brew.debug.xcconfig */;
			buildSettings = {
				ASSETCATALOG_COMPILER_APPICON_NAME = AppIcon;
				CODE_SIGN_STYLE = Automatic;
				DEVELOPMENT_TEAM = J6L4QH59CC;
				INFOPLIST_FILE = Brew/Resources/Info.plist;
				IPHONEOS_DEPLOYMENT_TARGET = 11.0;
				LD_RUNPATH_SEARCH_PATHS = (
					"$(inherited)",
					"@executable_path/Frameworks",
				);
				PRODUCT_BUNDLE_IDENTIFIER = nerdzlab.com.Brew;
				PRODUCT_NAME = "$(TARGET_NAME)";
				SWIFT_VERSION = 4.2;
				TARGETED_DEVICE_FAMILY = 1;
			};
			name = Debug;
		};
		3D05EFCA21F128F000174A91 /* Release */ = {
			isa = XCBuildConfiguration;
			baseConfigurationReference = 88A54173F7B7B92D0BC3E336 /* Pods-Brew.release.xcconfig */;
			buildSettings = {
				ASSETCATALOG_COMPILER_APPICON_NAME = AppIcon;
				CODE_SIGN_STYLE = Automatic;
				DEVELOPMENT_TEAM = J6L4QH59CC;
				INFOPLIST_FILE = Brew/Resources/Info.plist;
				IPHONEOS_DEPLOYMENT_TARGET = 11.0;
				LD_RUNPATH_SEARCH_PATHS = (
					"$(inherited)",
					"@executable_path/Frameworks",
				);
				PRODUCT_BUNDLE_IDENTIFIER = nerdzlab.com.Brew;
				PRODUCT_NAME = "$(TARGET_NAME)";
				SWIFT_VERSION = 4.2;
				TARGETED_DEVICE_FAMILY = 1;
			};
			name = Release;
		};
/* End XCBuildConfiguration section */

/* Begin XCConfigurationList section */
		3D05EFB121F128EE00174A91 /* Build configuration list for PBXProject "Brew" */ = {
			isa = XCConfigurationList;
			buildConfigurations = (
				3D05EFC621F128F000174A91 /* Debug */,
				3D05EFC721F128F000174A91 /* Release */,
			);
			defaultConfigurationIsVisible = 0;
			defaultConfigurationName = Release;
		};
		3D05EFC821F128F000174A91 /* Build configuration list for PBXNativeTarget "Brew" */ = {
			isa = XCConfigurationList;
			buildConfigurations = (
				3D05EFC921F128F000174A91 /* Debug */,
				3D05EFCA21F128F000174A91 /* Release */,
			);
			defaultConfigurationIsVisible = 0;
			defaultConfigurationName = Release;
		};
/* End XCConfigurationList section */
	};
	rootObject = 3D05EFAE21F128EE00174A91 /* Project object */;
}
