// !$*UTF8*$!
{
	archiveVersion = 1;
	classes = {
	};
	objectVersion = 50;
	objects = {

/* Begin PBXBuildFile section */
		3D05EFBA21F128EE00174A91 /* AppDelegate.swift in Sources */ = {isa = PBXBuildFile; fileRef = 3D05EFB921F128EE00174A91 /* AppDelegate.swift */; };
		3D05EFC121F128F000174A91 /* Assets.xcassets in Resources */ = {isa = PBXBuildFile; fileRef = 3D05EFC021F128F000174A91 /* Assets.xcassets */; };
		3D05EFC421F128F000174A91 /* LaunchScreen.storyboard in Resources */ = {isa = PBXBuildFile; fileRef = 3D05EFC221F128F000174A91 /* LaunchScreen.storyboard */; };
		3D05EFCE21F13B1600174A91 /* Networking.swift in Sources */ = {isa = PBXBuildFile; fileRef = 3D05EFCD21F13B1600174A91 /* Networking.swift */; };
		3D05EFD121F21A2400174A91 /* LoginRequest.swift in Sources */ = {isa = PBXBuildFile; fileRef = 3D05EFD021F21A2400174A91 /* LoginRequest.swift */; };
		3D05EFD421F21B7700174A91 /* User.swift in Sources */ = {isa = PBXBuildFile; fileRef = 3D05EFD321F21B7700174A91 /* User.swift */; };
		3D05EFD621F2281C00174A91 /* SimpleError.swift in Sources */ = {isa = PBXBuildFile; fileRef = 3D05EFD521F2281C00174A91 /* SimpleError.swift */; };
		3D05EFE021F5C4B200174A91 /* SignInViewController.swift in Sources */ = {isa = PBXBuildFile; fileRef = 3D05EFDF21F5C4B200174A91 /* SignInViewController.swift */; };
		3D05EFE421F5C4E900174A91 /* AppViewController.swift in Sources */ = {isa = PBXBuildFile; fileRef = 3D05EFE321F5C4E900174A91 /* AppViewController.swift */; };
		3D05EFE621F5C54800174A91 /* SignInViewController.xib in Resources */ = {isa = PBXBuildFile; fileRef = 3D05EFE521F5C54800174A91 /* SignInViewController.xib */; };
		3D05EFFD21F5C8DE00174A91 /* SF-Pro-Display-Thin.otf in Resources */ = {isa = PBXBuildFile; fileRef = 3D05EFEA21F5C8DE00174A91 /* SF-Pro-Display-Thin.otf */; };
		3D05EFFE21F5C8DE00174A91 /* SF-Pro-Display-SemiboldItalic.otf in Resources */ = {isa = PBXBuildFile; fileRef = 3D05EFEB21F5C8DE00174A91 /* SF-Pro-Display-SemiboldItalic.otf */; };
		3D05EFFF21F5C8DE00174A91 /* SF-Pro-Display-RegularItalic.otf in Resources */ = {isa = PBXBuildFile; fileRef = 3D05EFEC21F5C8DE00174A91 /* SF-Pro-Display-RegularItalic.otf */; };
		3D05F00021F5C8DE00174A91 /* SF-Pro-Display-Light.otf in Resources */ = {isa = PBXBuildFile; fileRef = 3D05EFED21F5C8DE00174A91 /* SF-Pro-Display-Light.otf */; };
		3D05F00121F5C8DE00174A91 /* SF-Pro-Display-Regular.otf in Resources */ = {isa = PBXBuildFile; fileRef = 3D05EFEE21F5C8DE00174A91 /* SF-Pro-Display-Regular.otf */; };
		3D05F00221F5C8DE00174A91 /* SF-Pro-Display-Bold.otf in Resources */ = {isa = PBXBuildFile; fileRef = 3D05EFEF21F5C8DE00174A91 /* SF-Pro-Display-Bold.otf */; };
		3D05F00321F5C8DE00174A91 /* SF-Pro-Display-Medium.otf in Resources */ = {isa = PBXBuildFile; fileRef = 3D05EFF021F5C8DE00174A91 /* SF-Pro-Display-Medium.otf */; };
		3D05F00421F5C8DE00174A91 /* SF-Pro-Display-Heavy.otf in Resources */ = {isa = PBXBuildFile; fileRef = 3D05EFF121F5C8DE00174A91 /* SF-Pro-Display-Heavy.otf */; };
		3D05F00521F5C8DE00174A91 /* SF-Pro-Display-Semibold.otf in Resources */ = {isa = PBXBuildFile; fileRef = 3D05EFF221F5C8DE00174A91 /* SF-Pro-Display-Semibold.otf */; };
		3D05F00621F5C8DE00174A91 /* README.md in Resources */ = {isa = PBXBuildFile; fileRef = 3D05EFF321F5C8DE00174A91 /* README.md */; };
		3D05F00721F5C8DE00174A91 /* SF-Pro-Display-MediumItalic.otf in Resources */ = {isa = PBXBuildFile; fileRef = 3D05EFF421F5C8DE00174A91 /* SF-Pro-Display-MediumItalic.otf */; };
		3D05F00821F5C8DE00174A91 /* SF-Pro-Display-HeavyItalic.otf in Resources */ = {isa = PBXBuildFile; fileRef = 3D05EFF521F5C8DE00174A91 /* SF-Pro-Display-HeavyItalic.otf */; };
		3D05F00921F5C8DE00174A91 /* SF-Pro-Display-Ultralight.otf in Resources */ = {isa = PBXBuildFile; fileRef = 3D05EFF621F5C8DE00174A91 /* SF-Pro-Display-Ultralight.otf */; };
		3D05F00A21F5C8DE00174A91 /* SF-Pro-Display-UltralightItalic.otf in Resources */ = {isa = PBXBuildFile; fileRef = 3D05EFF721F5C8DE00174A91 /* SF-Pro-Display-UltralightItalic.otf */; };
		3D05F00B21F5C8DE00174A91 /* SF-Pro-Display-LightItalic.otf in Resources */ = {isa = PBXBuildFile; fileRef = 3D05EFF821F5C8DE00174A91 /* SF-Pro-Display-LightItalic.otf */; };
		3D05F00C21F5C8DE00174A91 /* SF-Pro-Display-BlackItalic.otf in Resources */ = {isa = PBXBuildFile; fileRef = 3D05EFF921F5C8DE00174A91 /* SF-Pro-Display-BlackItalic.otf */; };
		3D05F00D21F5C8DE00174A91 /* SF-Pro-Display-Black.otf in Resources */ = {isa = PBXBuildFile; fileRef = 3D05EFFA21F5C8DE00174A91 /* SF-Pro-Display-Black.otf */; };
		3D05F00E21F5C8DE00174A91 /* SF-Pro-Display-ThinItalic.otf in Resources */ = {isa = PBXBuildFile; fileRef = 3D05EFFB21F5C8DE00174A91 /* SF-Pro-Display-ThinItalic.otf */; };
		3D05F00F21F5C8DE00174A91 /* SF-Pro-Display-BoldItalic.otf in Resources */ = {isa = PBXBuildFile; fileRef = 3D05EFFC21F5C8DE00174A91 /* SF-Pro-Display-BoldItalic.otf */; };
		3D05F01221F5D12E00174A91 /* SignUpViewController.swift in Sources */ = {isa = PBXBuildFile; fileRef = 3D05F01121F5D12E00174A91 /* SignUpViewController.swift */; };
		3D05F01421F5D14400174A91 /* SignUpViewController.xib in Resources */ = {isa = PBXBuildFile; fileRef = 3D05F01321F5D14400174A91 /* SignUpViewController.xib */; };
		3D05F01721F5E45300174A91 /* AuthenticationCoordinator.swift in Sources */ = {isa = PBXBuildFile; fileRef = 3D05F01621F5E45300174A91 /* AuthenticationCoordinator.swift */; };
		3D05F01A21F5F1BF00174A91 /* SignUpRequest.swift in Sources */ = {isa = PBXBuildFile; fileRef = 3D05F01921F5F1BF00174A91 /* SignUpRequest.swift */; };
		3D05F01E21F5F5EE00174A91 /* AuthResponse.swift in Sources */ = {isa = PBXBuildFile; fileRef = 3D05F01D21F5F5EE00174A91 /* AuthResponse.swift */; };
		3D05F02021F6020900174A91 /* AppAlert.swift in Sources */ = {isa = PBXBuildFile; fileRef = 3D05F01F21F6020900174A91 /* AppAlert.swift */; };
		3D05F02321F6023600174A91 /* UIViewController.swift in Sources */ = {isa = PBXBuildFile; fileRef = 3D05F02221F6023600174A91 /* UIViewController.swift */; };
		3D20028721FB508A00E38B99 /* PodcastsListHighlitedItemView.xib in Resources */ = {isa = PBXBuildFile; fileRef = 3D20028621FB508A00E38B99 /* PodcastsListHighlitedItemView.xib */; };
		3D20028921FB530600E38B99 /* PodcastsListHighlitedItemView.swift in Sources */ = {isa = PBXBuildFile; fileRef = 3D20028821FB530600E38B99 /* PodcastsListHighlitedItemView.swift */; };
		3D20028F21FB5DEA00E38B99 /* ProfileViewController.xib in Resources */ = {isa = PBXBuildFile; fileRef = 3D20028D21FB5DEA00E38B99 /* ProfileViewController.xib */; };
		3D20029021FB5DEA00E38B99 /* ProfileViewController.swift in Sources */ = {isa = PBXBuildFile; fileRef = 3D20028E21FB5DEA00E38B99 /* ProfileViewController.swift */; };
		3D20029221FB5FD800E38B99 /* ProfileCoordinator.swift in Sources */ = {isa = PBXBuildFile; fileRef = 3D20029121FB5FD800E38B99 /* ProfileCoordinator.swift */; };
		3D20029421FB6D9B00E38B99 /* GetCurrentUserRequest.swift in Sources */ = {isa = PBXBuildFile; fileRef = 3D20029321FB6D9B00E38B99 /* GetCurrentUserRequest.swift */; };
		3D20029621FB7E2700E38B99 /* Category.swift in Sources */ = {isa = PBXBuildFile; fileRef = 3D20029521FB7E2700E38B99 /* Category.swift */; };
		3D20029821FB7E7700E38B99 /* GetAllCategoriesRequest.swift in Sources */ = {isa = PBXBuildFile; fileRef = 3D20029721FB7E7700E38B99 /* GetAllCategoriesRequest.swift */; };
		3D20029C21FBB84800E38B99 /* PodcastDetailViewController.xib in Resources */ = {isa = PBXBuildFile; fileRef = 3D20029A21FBB84800E38B99 /* PodcastDetailViewController.xib */; };
		3D20029D21FBB84800E38B99 /* PodcastDetailViewController.swift in Sources */ = {isa = PBXBuildFile; fileRef = 3D20029B21FBB84800E38B99 /* PodcastDetailViewController.swift */; };
		3D2002A221FBBA4100E38B99 /* PodcastEpisodeCell.xib in Resources */ = {isa = PBXBuildFile; fileRef = 3D2002A021FBBA4100E38B99 /* PodcastEpisodeCell.xib */; };
		3D2002A321FBBA4100E38B99 /* PodcastEpisodeCell.swift in Sources */ = {isa = PBXBuildFile; fileRef = 3D2002A121FBBA4100E38B99 /* PodcastEpisodeCell.swift */; };
		3D2002A921FBBA9600E38B99 /* PodcastDetailTableHeaderView.xib in Resources */ = {isa = PBXBuildFile; fileRef = 3D2002A721FBBA9600E38B99 /* PodcastDetailTableHeaderView.xib */; };
		3D2002AA21FBBA9600E38B99 /* PodcastDetailTableHeaderView.swift in Sources */ = {isa = PBXBuildFile; fileRef = 3D2002A821FBBA9600E38B99 /* PodcastDetailTableHeaderView.swift */; };
		3D2002AC21FDB10800E38B99 /* Episode.swift in Sources */ = {isa = PBXBuildFile; fileRef = 3D2002AB21FDB10800E38B99 /* Episode.swift */; };
		3D2002AE21FDB1C800E38B99 /* File.swift in Sources */ = {isa = PBXBuildFile; fileRef = 3D2002AD21FDB1C800E38B99 /* File.swift */; };
		3D2002B021FDF5E500E38B99 /* PlayerCoordinator.swift in Sources */ = {isa = PBXBuildFile; fileRef = 3D2002AF21FDF5E500E38B99 /* PlayerCoordinator.swift */; };
		3D2002C22200B08A00E38B99 /* FeatureManager.swift in Sources */ = {isa = PBXBuildFile; fileRef = 3D2002C12200B08A00E38B99 /* FeatureManager.swift */; };
		3D798AEB220DA07000B3DF26 /* PlayerBaseViewController.swift in Sources */ = {isa = PBXBuildFile; fileRef = 3D798AEA220DA07000B3DF26 /* PlayerBaseViewController.swift */; };
		3DA16B622205D94100487323 /* AppFileLoader.swift in Sources */ = {isa = PBXBuildFile; fileRef = 3DA16B612205D94100487323 /* AppFileLoader.swift */; };
		3DA16B6822063CF900487323 /* LoadedFile.swift in Sources */ = {isa = PBXBuildFile; fileRef = 3DA16B6722063CF900487323 /* LoadedFile.swift */; };
		3DB447C121F60F9D00F93876 /* AppFlowCoordinator.swift in Sources */ = {isa = PBXBuildFile; fileRef = 3DB447C021F60F9D00F93876 /* AppFlowCoordinator.swift */; };
		3DB447C421F644DC00F93876 /* ValidatedTextField.swift in Sources */ = {isa = PBXBuildFile; fileRef = 3DB447C321F644DC00F93876 /* ValidatedTextField.swift */; };
		3DB447C621F66CDD00F93876 /* AppFont.swift in Sources */ = {isa = PBXBuildFile; fileRef = 3DB447C521F66CDD00F93876 /* AppFont.swift */; };
		3DB447CC21F74BC500F93876 /* PodcastsListView.swift in Sources */ = {isa = PBXBuildFile; fileRef = 3DB447CB21F74BC500F93876 /* PodcastsListView.swift */; };
		3DB447CE21F74E2A00F93876 /* PodcastsListView.xib in Resources */ = {isa = PBXBuildFile; fileRef = 3DB447CD21F74E2A00F93876 /* PodcastsListView.xib */; };
		3DB447D121F7534E00F93876 /* PodcastsListItemView.swift in Sources */ = {isa = PBXBuildFile; fileRef = 3DB447D021F7534E00F93876 /* PodcastsListItemView.swift */; };
		3DB447D321F7543F00F93876 /* PodcastsListItemView.xib in Resources */ = {isa = PBXBuildFile; fileRef = 3DB447D221F7543F00F93876 /* PodcastsListItemView.xib */; };
		3DB447E521F7CBBB00F93876 /* InterestsViewController.swift in Sources */ = {isa = PBXBuildFile; fileRef = 3DB447E021F7CBBB00F93876 /* InterestsViewController.swift */; };
		3DB447E621F7CBBB00F93876 /* InterestsViewController.xib in Resources */ = {isa = PBXBuildFile; fileRef = 3DB447E121F7CBBB00F93876 /* InterestsViewController.xib */; };
		3DB447E721F7CBBB00F93876 /* PriceViewController.xib in Resources */ = {isa = PBXBuildFile; fileRef = 3DB447E321F7CBBB00F93876 /* PriceViewController.xib */; };
		3DB447E821F7CBBB00F93876 /* PriceViewController.swift in Sources */ = {isa = PBXBuildFile; fileRef = 3DB447E421F7CBBB00F93876 /* PriceViewController.swift */; };
		3DCBBA6921F7D08C009BCD31 /* UIColor.swift in Sources */ = {isa = PBXBuildFile; fileRef = 3DCBBA6821F7D08C009BCD31 /* UIColor.swift */; };
		3DCBBA6B21F86B63009BCD31 /* OnboardingCoordinator.swift in Sources */ = {isa = PBXBuildFile; fileRef = 3DCBBA6A21F86B63009BCD31 /* OnboardingCoordinator.swift */; };
		3DCBBA6F21F8757C009BCD31 /* TagViewCell.xib in Resources */ = {isa = PBXBuildFile; fileRef = 3DCBBA6D21F8757C009BCD31 /* TagViewCell.xib */; };
		3DCBBA7021F8757C009BCD31 /* TagViewCell.swift in Sources */ = {isa = PBXBuildFile; fileRef = 3DCBBA6E21F8757C009BCD31 /* TagViewCell.swift */; };
		3DCBBA7421F8943F009BCD31 /* Coordinator.swift in Sources */ = {isa = PBXBuildFile; fileRef = 3DCBBA7321F8943F009BCD31 /* Coordinator.swift */; };
		3DCBBA7721F8D22F009BCD31 /* AppAuthManager.swift in Sources */ = {isa = PBXBuildFile; fileRef = 3DCBBA7621F8D22F009BCD31 /* AppAuthManager.swift */; };
		3DCBBA7921F8DBCD009BCD31 /* TokenRefreshRequest.swift in Sources */ = {isa = PBXBuildFile; fileRef = 3DCBBA7821F8DBCD009BCD31 /* TokenRefreshRequest.swift */; };
		3DCBBA7F21F90063009BCD31 /* PlayerViewControllerFullScreen.xib in Resources */ = {isa = PBXBuildFile; fileRef = 3DCBBA7D21F90063009BCD31 /* PlayerViewControllerFullScreen.xib */; };
		3DCBBA8021F90063009BCD31 /* PlayerViewController.swift in Sources */ = {isa = PBXBuildFile; fileRef = 3DCBBA7E21F90063009BCD31 /* PlayerViewController.swift */; };
		3DCBBA8521FA0703009BCD31 /* MenuCoordinator.swift in Sources */ = {isa = PBXBuildFile; fileRef = 3DCBBA8421FA0703009BCD31 /* MenuCoordinator.swift */; };
		3DCBBA8721FA0BAA009BCD31 /* MainFlowCoordinator.swift in Sources */ = {isa = PBXBuildFile; fileRef = 3DCBBA8621FA0BAA009BCD31 /* MainFlowCoordinator.swift */; };
		3DCBBA8921FA0F45009BCD31 /* HomeCoordinator.swift in Sources */ = {isa = PBXBuildFile; fileRef = 3DCBBA8821FA0F45009BCD31 /* HomeCoordinator.swift */; };
		3DCBBA8C21FA2322009BCD31 /* GetPodcastsRequest.swift in Sources */ = {isa = PBXBuildFile; fileRef = 3DCBBA8B21FA2322009BCD31 /* GetPodcastsRequest.swift */; };
		3DCBBA8F21FA4E9D009BCD31 /* Podcast.swift in Sources */ = {isa = PBXBuildFile; fileRef = 3DCBBA8E21FA4E9D009BCD31 /* Podcast.swift */; };
		3DDCCFE7220854C500244311 /* PlayerViewControllerMini.xib in Resources */ = {isa = PBXBuildFile; fileRef = 3DDCCFE6220854C500244311 /* PlayerViewControllerMini.xib */; };
		5A68C3C4220C6E6C0064A991 /* HomeContainerViewController.swift in Sources */ = {isa = PBXBuildFile; fileRef = 5A68C3C2220C6E6C0064A991 /* HomeContainerViewController.swift */; };
		5A68C3C5220C6E6C0064A991 /* HomeContainerViewController.xib in Resources */ = {isa = PBXBuildFile; fileRef = 5A68C3C3220C6E6C0064A991 /* HomeContainerViewController.xib */; };
		5A68C3C7220C78240064A991 /* UIView + Controller.swift in Sources */ = {isa = PBXBuildFile; fileRef = 5A68C3C6220C78240064A991 /* UIView + Controller.swift */; };
		5A68C3CB220C7CC40064A991 /* NewReleaseViewController.xib in Resources */ = {isa = PBXBuildFile; fileRef = 5A68C3C9220C7CC40064A991 /* NewReleaseViewController.xib */; };
		5A68C3CC220C7CC40064A991 /* NewReleaseViewController.swift in Sources */ = {isa = PBXBuildFile; fileRef = 5A68C3CA220C7CC40064A991 /* NewReleaseViewController.swift */; };
		5A68C3D2220C80AC0064A991 /* ReleaseTableViewCell.swift in Sources */ = {isa = PBXBuildFile; fileRef = 5A68C3D0220C80AC0064A991 /* ReleaseTableViewCell.swift */; };
		5A68C3D3220C80AC0064A991 /* ReleaseTableViewCell.xib in Resources */ = {isa = PBXBuildFile; fileRef = 5A68C3D1220C80AC0064A991 /* ReleaseTableViewCell.xib */; };
		5A68C3D7220C83E20064A991 /* ShowsViewController.swift in Sources */ = {isa = PBXBuildFile; fileRef = 5A68C3D5220C83E20064A991 /* ShowsViewController.swift */; };
		5A68C3D8220C83E20064A991 /* ShowsViewController.xib in Resources */ = {isa = PBXBuildFile; fileRef = 5A68C3D6220C83E20064A991 /* ShowsViewController.xib */; };
		5A68C3DE220C85740064A991 /* ImageCollectionViewCell.swift in Sources */ = {isa = PBXBuildFile; fileRef = 5A68C3DC220C85740064A991 /* ImageCollectionViewCell.swift */; };
		5A68C3DF220C85740064A991 /* ImageCollectionViewCell.xib in Resources */ = {isa = PBXBuildFile; fileRef = 5A68C3DD220C85740064A991 /* ImageCollectionViewCell.xib */; };
		7779C7FEA7DF64BC57173CF9 /* Pods_Brew.framework in Frameworks */ = {isa = PBXBuildFile; fileRef = 7E400C05C3172ECE4CF1CA52 /* Pods_Brew.framework */; };
		7865293C21FC646700A826F7 /* SettingsViewController.swift in Sources */ = {isa = PBXBuildFile; fileRef = 7865293A21FC646700A826F7 /* SettingsViewController.swift */; };
		7865293D21FC646700A826F7 /* SettingsViewController.xib in Resources */ = {isa = PBXBuildFile; fileRef = 7865293B21FC646700A826F7 /* SettingsViewController.xib */; };
		7865294021FC653000A826F7 /* ImagePickerCoordinator.swift in Sources */ = {isa = PBXBuildFile; fileRef = 7865293F21FC653000A826F7 /* ImagePickerCoordinator.swift */; };
		7865294221FC776A00A826F7 /* ChangePasswordRequest.swift in Sources */ = {isa = PBXBuildFile; fileRef = 7865294121FC776A00A826F7 /* ChangePasswordRequest.swift */; };
		7865294421FC915600A826F7 /* Profile.swift in Sources */ = {isa = PBXBuildFile; fileRef = 7865294321FC915600A826F7 /* Profile.swift */; };
		7865294821FCB33D00A826F7 /* UpdateProfileInfoRequest.swift in Sources */ = {isa = PBXBuildFile; fileRef = 7865294721FCB33D00A826F7 /* UpdateProfileInfoRequest.swift */; };
		7865294A21FDBD5A00A826F7 /* UIImage+Resize.swift in Sources */ = {isa = PBXBuildFile; fileRef = 7865294921FDBD5A00A826F7 /* UIImage+Resize.swift */; };
		858EECD1220B570E00C49128 /* UITextField.swift in Sources */ = {isa = PBXBuildFile; fileRef = 858EECD0220B570E00C49128 /* UITextField.swift */; };
		85CA8F6A2209EC6C007557D9 /* UIView + Inspectable.swift in Sources */ = {isa = PBXBuildFile; fileRef = 85CA8F692209EC6C007557D9 /* UIView + Inspectable.swift */; };
		85CA8F6E220AE487007557D9 /* BaseButton.swift in Sources */ = {isa = PBXBuildFile; fileRef = 85CA8F6D220AE487007557D9 /* BaseButton.swift */; };
		85CA8F72220AE4C7007557D9 /* PodcastButton.swift in Sources */ = {isa = PBXBuildFile; fileRef = 85CA8F70220AE4C7007557D9 /* PodcastButton.swift */; };
		85CA8F73220AE4C7007557D9 /* PodcastButton.xib in Resources */ = {isa = PBXBuildFile; fileRef = 85CA8F71220AE4C7007557D9 /* PodcastButton.xib */; };
		85CA8F75220B26EB007557D9 /* UIView +Gradient.swift in Sources */ = {isa = PBXBuildFile; fileRef = 85CA8F74220B26EA007557D9 /* UIView +Gradient.swift */; };
		85EAABD72209D25800436458 /* SharpSansNo1-Semibold.ttf in Resources */ = {isa = PBXBuildFile; fileRef = 85EAABD62209D25800436458 /* SharpSansNo1-Semibold.ttf */; };
		85EAABD92209D26900436458 /* SharpSansNo1-Medium.ttf in Resources */ = {isa = PBXBuildFile; fileRef = 85EAABD82209D26800436458 /* SharpSansNo1-Medium.ttf */; };
		85EAABDB2209D27900436458 /* SharpSansNo1-Bold.ttf in Resources */ = {isa = PBXBuildFile; fileRef = 85EAABDA2209D27900436458 /* SharpSansNo1-Bold.ttf */; };
/* End PBXBuildFile section */

/* Begin PBXFileReference section */
		3D05EFB621F128EE00174A91 /* Brew.app */ = {isa = PBXFileReference; explicitFileType = wrapper.application; includeInIndex = 0; path = Brew.app; sourceTree = BUILT_PRODUCTS_DIR; };
		3D05EFB921F128EE00174A91 /* AppDelegate.swift */ = {isa = PBXFileReference; lastKnownFileType = sourcecode.swift; path = AppDelegate.swift; sourceTree = "<group>"; };
		3D05EFC021F128F000174A91 /* Assets.xcassets */ = {isa = PBXFileReference; lastKnownFileType = folder.assetcatalog; path = Assets.xcassets; sourceTree = "<group>"; };
		3D05EFC321F128F000174A91 /* Base */ = {isa = PBXFileReference; lastKnownFileType = file.storyboard; name = Base; path = Base.lproj/LaunchScreen.storyboard; sourceTree = "<group>"; };
		3D05EFC521F128F000174A91 /* Info.plist */ = {isa = PBXFileReference; lastKnownFileType = text.plist.xml; path = Info.plist; sourceTree = "<group>"; };
		3D05EFCD21F13B1600174A91 /* Networking.swift */ = {isa = PBXFileReference; lastKnownFileType = sourcecode.swift; path = Networking.swift; sourceTree = "<group>"; };
		3D05EFD021F21A2400174A91 /* LoginRequest.swift */ = {isa = PBXFileReference; lastKnownFileType = sourcecode.swift; path = LoginRequest.swift; sourceTree = "<group>"; };
		3D05EFD321F21B7700174A91 /* User.swift */ = {isa = PBXFileReference; lastKnownFileType = sourcecode.swift; path = User.swift; sourceTree = "<group>"; };
		3D05EFD521F2281C00174A91 /* SimpleError.swift */ = {isa = PBXFileReference; lastKnownFileType = sourcecode.swift; path = SimpleError.swift; sourceTree = "<group>"; };
		3D05EFDF21F5C4B200174A91 /* SignInViewController.swift */ = {isa = PBXFileReference; lastKnownFileType = sourcecode.swift; path = SignInViewController.swift; sourceTree = "<group>"; };
		3D05EFE321F5C4E900174A91 /* AppViewController.swift */ = {isa = PBXFileReference; lastKnownFileType = sourcecode.swift; path = AppViewController.swift; sourceTree = "<group>"; };
		3D05EFE521F5C54800174A91 /* SignInViewController.xib */ = {isa = PBXFileReference; lastKnownFileType = file.xib; path = SignInViewController.xib; sourceTree = "<group>"; };
		3D05EFEA21F5C8DE00174A91 /* SF-Pro-Display-Thin.otf */ = {isa = PBXFileReference; lastKnownFileType = file; path = "SF-Pro-Display-Thin.otf"; sourceTree = "<group>"; };
		3D05EFEB21F5C8DE00174A91 /* SF-Pro-Display-SemiboldItalic.otf */ = {isa = PBXFileReference; lastKnownFileType = file; path = "SF-Pro-Display-SemiboldItalic.otf"; sourceTree = "<group>"; };
		3D05EFEC21F5C8DE00174A91 /* SF-Pro-Display-RegularItalic.otf */ = {isa = PBXFileReference; lastKnownFileType = file; path = "SF-Pro-Display-RegularItalic.otf"; sourceTree = "<group>"; };
		3D05EFED21F5C8DE00174A91 /* SF-Pro-Display-Light.otf */ = {isa = PBXFileReference; lastKnownFileType = file; path = "SF-Pro-Display-Light.otf"; sourceTree = "<group>"; };
		3D05EFEE21F5C8DE00174A91 /* SF-Pro-Display-Regular.otf */ = {isa = PBXFileReference; lastKnownFileType = file; path = "SF-Pro-Display-Regular.otf"; sourceTree = "<group>"; };
		3D05EFEF21F5C8DE00174A91 /* SF-Pro-Display-Bold.otf */ = {isa = PBXFileReference; lastKnownFileType = file; path = "SF-Pro-Display-Bold.otf"; sourceTree = "<group>"; };
		3D05EFF021F5C8DE00174A91 /* SF-Pro-Display-Medium.otf */ = {isa = PBXFileReference; lastKnownFileType = file; path = "SF-Pro-Display-Medium.otf"; sourceTree = "<group>"; };
		3D05EFF121F5C8DE00174A91 /* SF-Pro-Display-Heavy.otf */ = {isa = PBXFileReference; lastKnownFileType = file; path = "SF-Pro-Display-Heavy.otf"; sourceTree = "<group>"; };
		3D05EFF221F5C8DE00174A91 /* SF-Pro-Display-Semibold.otf */ = {isa = PBXFileReference; lastKnownFileType = file; path = "SF-Pro-Display-Semibold.otf"; sourceTree = "<group>"; };
		3D05EFF321F5C8DE00174A91 /* README.md */ = {isa = PBXFileReference; fileEncoding = 4; lastKnownFileType = net.daringfireball.markdown; path = README.md; sourceTree = "<group>"; };
		3D05EFF421F5C8DE00174A91 /* SF-Pro-Display-MediumItalic.otf */ = {isa = PBXFileReference; lastKnownFileType = file; path = "SF-Pro-Display-MediumItalic.otf"; sourceTree = "<group>"; };
		3D05EFF521F5C8DE00174A91 /* SF-Pro-Display-HeavyItalic.otf */ = {isa = PBXFileReference; lastKnownFileType = file; path = "SF-Pro-Display-HeavyItalic.otf"; sourceTree = "<group>"; };
		3D05EFF621F5C8DE00174A91 /* SF-Pro-Display-Ultralight.otf */ = {isa = PBXFileReference; lastKnownFileType = file; path = "SF-Pro-Display-Ultralight.otf"; sourceTree = "<group>"; };
		3D05EFF721F5C8DE00174A91 /* SF-Pro-Display-UltralightItalic.otf */ = {isa = PBXFileReference; lastKnownFileType = file; path = "SF-Pro-Display-UltralightItalic.otf"; sourceTree = "<group>"; };
		3D05EFF821F5C8DE00174A91 /* SF-Pro-Display-LightItalic.otf */ = {isa = PBXFileReference; lastKnownFileType = file; path = "SF-Pro-Display-LightItalic.otf"; sourceTree = "<group>"; };
		3D05EFF921F5C8DE00174A91 /* SF-Pro-Display-BlackItalic.otf */ = {isa = PBXFileReference; lastKnownFileType = file; path = "SF-Pro-Display-BlackItalic.otf"; sourceTree = "<group>"; };
		3D05EFFA21F5C8DE00174A91 /* SF-Pro-Display-Black.otf */ = {isa = PBXFileReference; lastKnownFileType = file; path = "SF-Pro-Display-Black.otf"; sourceTree = "<group>"; };
		3D05EFFB21F5C8DE00174A91 /* SF-Pro-Display-ThinItalic.otf */ = {isa = PBXFileReference; lastKnownFileType = file; path = "SF-Pro-Display-ThinItalic.otf"; sourceTree = "<group>"; };
		3D05EFFC21F5C8DE00174A91 /* SF-Pro-Display-BoldItalic.otf */ = {isa = PBXFileReference; lastKnownFileType = file; path = "SF-Pro-Display-BoldItalic.otf"; sourceTree = "<group>"; };
		3D05F01121F5D12E00174A91 /* SignUpViewController.swift */ = {isa = PBXFileReference; lastKnownFileType = sourcecode.swift; path = SignUpViewController.swift; sourceTree = "<group>"; };
		3D05F01321F5D14400174A91 /* SignUpViewController.xib */ = {isa = PBXFileReference; lastKnownFileType = file.xib; path = SignUpViewController.xib; sourceTree = "<group>"; };
		3D05F01621F5E45300174A91 /* AuthenticationCoordinator.swift */ = {isa = PBXFileReference; lastKnownFileType = sourcecode.swift; path = AuthenticationCoordinator.swift; sourceTree = "<group>"; };
		3D05F01921F5F1BF00174A91 /* SignUpRequest.swift */ = {isa = PBXFileReference; lastKnownFileType = sourcecode.swift; path = SignUpRequest.swift; sourceTree = "<group>"; };
		3D05F01D21F5F5EE00174A91 /* AuthResponse.swift */ = {isa = PBXFileReference; lastKnownFileType = sourcecode.swift; path = AuthResponse.swift; sourceTree = "<group>"; };
		3D05F01F21F6020900174A91 /* AppAlert.swift */ = {isa = PBXFileReference; lastKnownFileType = sourcecode.swift; path = AppAlert.swift; sourceTree = "<group>"; };
		3D05F02221F6023600174A91 /* UIViewController.swift */ = {isa = PBXFileReference; lastKnownFileType = sourcecode.swift; path = UIViewController.swift; sourceTree = "<group>"; };
		3D20028621FB508A00E38B99 /* PodcastsListHighlitedItemView.xib */ = {isa = PBXFileReference; lastKnownFileType = file.xib; path = PodcastsListHighlitedItemView.xib; sourceTree = "<group>"; };
		3D20028821FB530600E38B99 /* PodcastsListHighlitedItemView.swift */ = {isa = PBXFileReference; lastKnownFileType = sourcecode.swift; path = PodcastsListHighlitedItemView.swift; sourceTree = "<group>"; };
		3D20028D21FB5DEA00E38B99 /* ProfileViewController.xib */ = {isa = PBXFileReference; fileEncoding = 4; lastKnownFileType = file.xib; path = ProfileViewController.xib; sourceTree = "<group>"; };
		3D20028E21FB5DEA00E38B99 /* ProfileViewController.swift */ = {isa = PBXFileReference; fileEncoding = 4; lastKnownFileType = sourcecode.swift; path = ProfileViewController.swift; sourceTree = "<group>"; };
		3D20029121FB5FD800E38B99 /* ProfileCoordinator.swift */ = {isa = PBXFileReference; lastKnownFileType = sourcecode.swift; path = ProfileCoordinator.swift; sourceTree = "<group>"; };
		3D20029321FB6D9B00E38B99 /* GetCurrentUserRequest.swift */ = {isa = PBXFileReference; lastKnownFileType = sourcecode.swift; path = GetCurrentUserRequest.swift; sourceTree = "<group>"; };
		3D20029521FB7E2700E38B99 /* Category.swift */ = {isa = PBXFileReference; lastKnownFileType = sourcecode.swift; path = Category.swift; sourceTree = "<group>"; };
		3D20029721FB7E7700E38B99 /* GetAllCategoriesRequest.swift */ = {isa = PBXFileReference; lastKnownFileType = sourcecode.swift; path = GetAllCategoriesRequest.swift; sourceTree = "<group>"; };
		3D20029A21FBB84800E38B99 /* PodcastDetailViewController.xib */ = {isa = PBXFileReference; fileEncoding = 4; lastKnownFileType = file.xib; path = PodcastDetailViewController.xib; sourceTree = "<group>"; };
		3D20029B21FBB84800E38B99 /* PodcastDetailViewController.swift */ = {isa = PBXFileReference; fileEncoding = 4; lastKnownFileType = sourcecode.swift; path = PodcastDetailViewController.swift; sourceTree = "<group>"; };
		3D2002A021FBBA4100E38B99 /* PodcastEpisodeCell.xib */ = {isa = PBXFileReference; fileEncoding = 4; lastKnownFileType = file.xib; path = PodcastEpisodeCell.xib; sourceTree = "<group>"; };
		3D2002A121FBBA4100E38B99 /* PodcastEpisodeCell.swift */ = {isa = PBXFileReference; fileEncoding = 4; lastKnownFileType = sourcecode.swift; path = PodcastEpisodeCell.swift; sourceTree = "<group>"; };
		3D2002A721FBBA9600E38B99 /* PodcastDetailTableHeaderView.xib */ = {isa = PBXFileReference; fileEncoding = 4; lastKnownFileType = file.xib; path = PodcastDetailTableHeaderView.xib; sourceTree = "<group>"; };
		3D2002A821FBBA9600E38B99 /* PodcastDetailTableHeaderView.swift */ = {isa = PBXFileReference; fileEncoding = 4; lastKnownFileType = sourcecode.swift; path = PodcastDetailTableHeaderView.swift; sourceTree = "<group>"; };
		3D2002AB21FDB10800E38B99 /* Episode.swift */ = {isa = PBXFileReference; lastKnownFileType = sourcecode.swift; path = Episode.swift; sourceTree = "<group>"; };
		3D2002AD21FDB1C800E38B99 /* File.swift */ = {isa = PBXFileReference; lastKnownFileType = sourcecode.swift; path = File.swift; sourceTree = "<group>"; };
		3D2002AF21FDF5E500E38B99 /* PlayerCoordinator.swift */ = {isa = PBXFileReference; lastKnownFileType = sourcecode.swift; path = PlayerCoordinator.swift; sourceTree = "<group>"; };
		3D2002C12200B08A00E38B99 /* FeatureManager.swift */ = {isa = PBXFileReference; fileEncoding = 4; lastKnownFileType = sourcecode.swift; path = FeatureManager.swift; sourceTree = "<group>"; };
		3D798AEA220DA07000B3DF26 /* PlayerBaseViewController.swift */ = {isa = PBXFileReference; lastKnownFileType = sourcecode.swift; path = PlayerBaseViewController.swift; sourceTree = "<group>"; };
		3DA16B612205D94100487323 /* AppFileLoader.swift */ = {isa = PBXFileReference; lastKnownFileType = sourcecode.swift; path = AppFileLoader.swift; sourceTree = "<group>"; };
		3DA16B6722063CF900487323 /* LoadedFile.swift */ = {isa = PBXFileReference; lastKnownFileType = sourcecode.swift; path = LoadedFile.swift; sourceTree = "<group>"; };
		3DB447C021F60F9D00F93876 /* AppFlowCoordinator.swift */ = {isa = PBXFileReference; lastKnownFileType = sourcecode.swift; path = AppFlowCoordinator.swift; sourceTree = "<group>"; };
		3DB447C321F644DC00F93876 /* ValidatedTextField.swift */ = {isa = PBXFileReference; lastKnownFileType = sourcecode.swift; path = ValidatedTextField.swift; sourceTree = "<group>"; };
		3DB447C521F66CDD00F93876 /* AppFont.swift */ = {isa = PBXFileReference; fileEncoding = 4; lastKnownFileType = sourcecode.swift; path = AppFont.swift; sourceTree = "<group>"; };
		3DB447CB21F74BC500F93876 /* PodcastsListView.swift */ = {isa = PBXFileReference; lastKnownFileType = sourcecode.swift; path = PodcastsListView.swift; sourceTree = "<group>"; };
		3DB447CD21F74E2A00F93876 /* PodcastsListView.xib */ = {isa = PBXFileReference; lastKnownFileType = file.xib; path = PodcastsListView.xib; sourceTree = "<group>"; };
		3DB447D021F7534E00F93876 /* PodcastsListItemView.swift */ = {isa = PBXFileReference; lastKnownFileType = sourcecode.swift; path = PodcastsListItemView.swift; sourceTree = "<group>"; };
		3DB447D221F7543F00F93876 /* PodcastsListItemView.xib */ = {isa = PBXFileReference; lastKnownFileType = file.xib; path = PodcastsListItemView.xib; sourceTree = "<group>"; };
		3DB447E021F7CBBB00F93876 /* InterestsViewController.swift */ = {isa = PBXFileReference; fileEncoding = 4; lastKnownFileType = sourcecode.swift; path = InterestsViewController.swift; sourceTree = "<group>"; };
		3DB447E121F7CBBB00F93876 /* InterestsViewController.xib */ = {isa = PBXFileReference; fileEncoding = 4; lastKnownFileType = file.xib; path = InterestsViewController.xib; sourceTree = "<group>"; };
		3DB447E321F7CBBB00F93876 /* PriceViewController.xib */ = {isa = PBXFileReference; fileEncoding = 4; lastKnownFileType = file.xib; path = PriceViewController.xib; sourceTree = "<group>"; };
		3DB447E421F7CBBB00F93876 /* PriceViewController.swift */ = {isa = PBXFileReference; fileEncoding = 4; lastKnownFileType = sourcecode.swift; path = PriceViewController.swift; sourceTree = "<group>"; };
		3DCBBA6821F7D08C009BCD31 /* UIColor.swift */ = {isa = PBXFileReference; lastKnownFileType = sourcecode.swift; path = UIColor.swift; sourceTree = "<group>"; };
		3DCBBA6A21F86B63009BCD31 /* OnboardingCoordinator.swift */ = {isa = PBXFileReference; lastKnownFileType = sourcecode.swift; path = OnboardingCoordinator.swift; sourceTree = "<group>"; };
		3DCBBA6D21F8757C009BCD31 /* TagViewCell.xib */ = {isa = PBXFileReference; fileEncoding = 4; lastKnownFileType = file.xib; path = TagViewCell.xib; sourceTree = "<group>"; };
		3DCBBA6E21F8757C009BCD31 /* TagViewCell.swift */ = {isa = PBXFileReference; fileEncoding = 4; lastKnownFileType = sourcecode.swift; path = TagViewCell.swift; sourceTree = "<group>"; };
		3DCBBA7321F8943F009BCD31 /* Coordinator.swift */ = {isa = PBXFileReference; lastKnownFileType = sourcecode.swift; path = Coordinator.swift; sourceTree = "<group>"; };
		3DCBBA7621F8D22F009BCD31 /* AppAuthManager.swift */ = {isa = PBXFileReference; lastKnownFileType = sourcecode.swift; path = AppAuthManager.swift; sourceTree = "<group>"; };
		3DCBBA7821F8DBCD009BCD31 /* TokenRefreshRequest.swift */ = {isa = PBXFileReference; lastKnownFileType = sourcecode.swift; path = TokenRefreshRequest.swift; sourceTree = "<group>"; };
		3DCBBA7D21F90063009BCD31 /* PlayerViewControllerFullScreen.xib */ = {isa = PBXFileReference; fileEncoding = 4; lastKnownFileType = file.xib; path = PlayerViewControllerFullScreen.xib; sourceTree = "<group>"; };
		3DCBBA7E21F90063009BCD31 /* PlayerViewController.swift */ = {isa = PBXFileReference; fileEncoding = 4; lastKnownFileType = sourcecode.swift; path = PlayerViewController.swift; sourceTree = "<group>"; };
		3DCBBA8421FA0703009BCD31 /* MenuCoordinator.swift */ = {isa = PBXFileReference; lastKnownFileType = sourcecode.swift; path = MenuCoordinator.swift; sourceTree = "<group>"; };
		3DCBBA8621FA0BAA009BCD31 /* MainFlowCoordinator.swift */ = {isa = PBXFileReference; lastKnownFileType = sourcecode.swift; path = MainFlowCoordinator.swift; sourceTree = "<group>"; };
		3DCBBA8821FA0F45009BCD31 /* HomeCoordinator.swift */ = {isa = PBXFileReference; lastKnownFileType = sourcecode.swift; path = HomeCoordinator.swift; sourceTree = "<group>"; };
		3DCBBA8B21FA2322009BCD31 /* GetPodcastsRequest.swift */ = {isa = PBXFileReference; lastKnownFileType = sourcecode.swift; path = GetPodcastsRequest.swift; sourceTree = "<group>"; };
		3DCBBA8E21FA4E9D009BCD31 /* Podcast.swift */ = {isa = PBXFileReference; lastKnownFileType = sourcecode.swift; path = Podcast.swift; sourceTree = "<group>"; };
		3DDCCFE6220854C500244311 /* PlayerViewControllerMini.xib */ = {isa = PBXFileReference; lastKnownFileType = file.xib; path = PlayerViewControllerMini.xib; sourceTree = "<group>"; };
		488F898F4235E136B7D311B4 /* Pods-Brew.debug.xcconfig */ = {isa = PBXFileReference; includeInIndex = 1; lastKnownFileType = text.xcconfig; name = "Pods-Brew.debug.xcconfig"; path = "Pods/Target Support Files/Pods-Brew/Pods-Brew.debug.xcconfig"; sourceTree = "<group>"; };
		5A68C3C2220C6E6C0064A991 /* HomeContainerViewController.swift */ = {isa = PBXFileReference; lastKnownFileType = sourcecode.swift; path = HomeContainerViewController.swift; sourceTree = "<group>"; };
		5A68C3C3220C6E6C0064A991 /* HomeContainerViewController.xib */ = {isa = PBXFileReference; lastKnownFileType = file.xib; path = HomeContainerViewController.xib; sourceTree = "<group>"; };
		5A68C3C6220C78240064A991 /* UIView + Controller.swift */ = {isa = PBXFileReference; lastKnownFileType = sourcecode.swift; path = "UIView + Controller.swift"; sourceTree = "<group>"; };
		5A68C3C9220C7CC40064A991 /* NewReleaseViewController.xib */ = {isa = PBXFileReference; fileEncoding = 4; lastKnownFileType = file.xib; path = NewReleaseViewController.xib; sourceTree = "<group>"; };
		5A68C3CA220C7CC40064A991 /* NewReleaseViewController.swift */ = {isa = PBXFileReference; fileEncoding = 4; lastKnownFileType = sourcecode.swift; path = NewReleaseViewController.swift; sourceTree = "<group>"; };
		5A68C3D0220C80AC0064A991 /* ReleaseTableViewCell.swift */ = {isa = PBXFileReference; fileEncoding = 4; lastKnownFileType = sourcecode.swift; path = ReleaseTableViewCell.swift; sourceTree = "<group>"; };
		5A68C3D1220C80AC0064A991 /* ReleaseTableViewCell.xib */ = {isa = PBXFileReference; fileEncoding = 4; lastKnownFileType = file.xib; path = ReleaseTableViewCell.xib; sourceTree = "<group>"; };
		5A68C3D5220C83E20064A991 /* ShowsViewController.swift */ = {isa = PBXFileReference; lastKnownFileType = sourcecode.swift; path = ShowsViewController.swift; sourceTree = "<group>"; };
		5A68C3D6220C83E20064A991 /* ShowsViewController.xib */ = {isa = PBXFileReference; lastKnownFileType = file.xib; path = ShowsViewController.xib; sourceTree = "<group>"; };
		5A68C3DC220C85740064A991 /* ImageCollectionViewCell.swift */ = {isa = PBXFileReference; lastKnownFileType = sourcecode.swift; path = ImageCollectionViewCell.swift; sourceTree = "<group>"; };
		5A68C3DD220C85740064A991 /* ImageCollectionViewCell.xib */ = {isa = PBXFileReference; lastKnownFileType = file.xib; path = ImageCollectionViewCell.xib; sourceTree = "<group>"; };
		7865293A21FC646700A826F7 /* SettingsViewController.swift */ = {isa = PBXFileReference; lastKnownFileType = sourcecode.swift; path = SettingsViewController.swift; sourceTree = "<group>"; };
		7865293B21FC646700A826F7 /* SettingsViewController.xib */ = {isa = PBXFileReference; lastKnownFileType = file.xib; path = SettingsViewController.xib; sourceTree = "<group>"; };
		7865293F21FC653000A826F7 /* ImagePickerCoordinator.swift */ = {isa = PBXFileReference; lastKnownFileType = sourcecode.swift; path = ImagePickerCoordinator.swift; sourceTree = "<group>"; };
		7865294121FC776A00A826F7 /* ChangePasswordRequest.swift */ = {isa = PBXFileReference; lastKnownFileType = sourcecode.swift; path = ChangePasswordRequest.swift; sourceTree = "<group>"; };
		7865294321FC915600A826F7 /* Profile.swift */ = {isa = PBXFileReference; lastKnownFileType = sourcecode.swift; path = Profile.swift; sourceTree = "<group>"; };
		7865294721FCB33D00A826F7 /* UpdateProfileInfoRequest.swift */ = {isa = PBXFileReference; lastKnownFileType = sourcecode.swift; path = UpdateProfileInfoRequest.swift; sourceTree = "<group>"; };
		7865294921FDBD5A00A826F7 /* UIImage+Resize.swift */ = {isa = PBXFileReference; lastKnownFileType = sourcecode.swift; path = "UIImage+Resize.swift"; sourceTree = "<group>"; };
		7E400C05C3172ECE4CF1CA52 /* Pods_Brew.framework */ = {isa = PBXFileReference; explicitFileType = wrapper.framework; includeInIndex = 0; path = Pods_Brew.framework; sourceTree = BUILT_PRODUCTS_DIR; };
		858EECD0220B570E00C49128 /* UITextField.swift */ = {isa = PBXFileReference; lastKnownFileType = sourcecode.swift; path = UITextField.swift; sourceTree = "<group>"; };
		85CA8F692209EC6C007557D9 /* UIView + Inspectable.swift */ = {isa = PBXFileReference; fileEncoding = 4; lastKnownFileType = sourcecode.swift; path = "UIView + Inspectable.swift"; sourceTree = "<group>"; };
		85CA8F6D220AE487007557D9 /* BaseButton.swift */ = {isa = PBXFileReference; fileEncoding = 4; lastKnownFileType = sourcecode.swift; path = BaseButton.swift; sourceTree = "<group>"; };
		85CA8F70220AE4C7007557D9 /* PodcastButton.swift */ = {isa = PBXFileReference; fileEncoding = 4; lastKnownFileType = sourcecode.swift; path = PodcastButton.swift; sourceTree = "<group>"; };
		85CA8F71220AE4C7007557D9 /* PodcastButton.xib */ = {isa = PBXFileReference; fileEncoding = 4; lastKnownFileType = file.xib; path = PodcastButton.xib; sourceTree = "<group>"; };
		85CA8F74220B26EA007557D9 /* UIView +Gradient.swift */ = {isa = PBXFileReference; fileEncoding = 4; lastKnownFileType = sourcecode.swift; path = "UIView +Gradient.swift"; sourceTree = "<group>"; };
		85EAABD62209D25800436458 /* SharpSansNo1-Semibold.ttf */ = {isa = PBXFileReference; lastKnownFileType = file; path = "SharpSansNo1-Semibold.ttf"; sourceTree = "<group>"; };
		85EAABD82209D26800436458 /* SharpSansNo1-Medium.ttf */ = {isa = PBXFileReference; lastKnownFileType = file; path = "SharpSansNo1-Medium.ttf"; sourceTree = "<group>"; };
		85EAABDA2209D27900436458 /* SharpSansNo1-Bold.ttf */ = {isa = PBXFileReference; lastKnownFileType = file; path = "SharpSansNo1-Bold.ttf"; sourceTree = "<group>"; };
		88A54173F7B7B92D0BC3E336 /* Pods-Brew.release.xcconfig */ = {isa = PBXFileReference; includeInIndex = 1; lastKnownFileType = text.xcconfig; name = "Pods-Brew.release.xcconfig"; path = "Pods/Target Support Files/Pods-Brew/Pods-Brew.release.xcconfig"; sourceTree = "<group>"; };
/* End PBXFileReference section */

/* Begin PBXFrameworksBuildPhase section */
		3D05EFB321F128EE00174A91 /* Frameworks */ = {
			isa = PBXFrameworksBuildPhase;
			buildActionMask = 2147483647;
			files = (
				7779C7FEA7DF64BC57173CF9 /* Pods_Brew.framework in Frameworks */,
			);
			runOnlyForDeploymentPostprocessing = 0;
		};
/* End PBXFrameworksBuildPhase section */

/* Begin PBXGroup section */
		3D05EFAD21F128EE00174A91 = {
			isa = PBXGroup;
			children = (
				3D05EFB821F128EE00174A91 /* Brew */,
				3D05EFB721F128EE00174A91 /* Products */,
				65E97A5620630B01F8C70077 /* Pods */,
				CFCEA6CE197181213CF7B381 /* Frameworks */,
			);
			sourceTree = "<group>";
		};
		3D05EFB721F128EE00174A91 /* Products */ = {
			isa = PBXGroup;
			children = (
				3D05EFB621F128EE00174A91 /* Brew.app */,
			);
			name = Products;
			sourceTree = "<group>";
		};
		3D05EFB821F128EE00174A91 /* Brew */ = {
			isa = PBXGroup;
			children = (
				3D05EFCB21F139EC00174A91 /* Buisiness Logic */,
				3D05EFDA21F5C41100174A91 /* Presentation Logic */,
				3D05EFE721F5C89900174A91 /* Resources */,
			);
			path = Brew;
			sourceTree = "<group>";
		};
		3D05EFCB21F139EC00174A91 /* Buisiness Logic */ = {
			isa = PBXGroup;
			children = (
				3DA16B632206299600487323 /* Utils */,
				3D05EFCC21F13A7000174A91 /* Networking */,
				3D05EFD221F21B6700174A91 /* Models */,
			);
			path = "Buisiness Logic";
			sourceTree = "<group>";
		};
		3D05EFCC21F13A7000174A91 /* Networking */ = {
			isa = PBXGroup;
			children = (
				3D05EFCF21F219EA00174A91 /* Requests */,
				3D05EFCD21F13B1600174A91 /* Networking.swift */,
				3DCBBA7621F8D22F009BCD31 /* AppAuthManager.swift */,
			);
			path = Networking;
			sourceTree = "<group>";
		};
		3D05EFCF21F219EA00174A91 /* Requests */ = {
			isa = PBXGroup;
			children = (
				3D05EFD021F21A2400174A91 /* LoginRequest.swift */,
				3D05F01921F5F1BF00174A91 /* SignUpRequest.swift */,
				3DCBBA7821F8DBCD009BCD31 /* TokenRefreshRequest.swift */,
				3DCBBA8B21FA2322009BCD31 /* GetPodcastsRequest.swift */,
				3D20029321FB6D9B00E38B99 /* GetCurrentUserRequest.swift */,
				3D20029721FB7E7700E38B99 /* GetAllCategoriesRequest.swift */,
				7865294121FC776A00A826F7 /* ChangePasswordRequest.swift */,
				7865294721FCB33D00A826F7 /* UpdateProfileInfoRequest.swift */,
			);
			path = Requests;
			sourceTree = "<group>";
		};
		3D05EFD221F21B6700174A91 /* Models */ = {
			isa = PBXGroup;
			children = (
				3D05F01C21F5F5D500174A91 /* Entities */,
				3D05F01B21F5F5C300174A91 /* Responses */,
				3D05F01821F5E65C00174A91 /* Errors */,
			);
			path = Models;
			sourceTree = "<group>";
		};
		3D05EFDA21F5C41100174A91 /* Presentation Logic */ = {
			isa = PBXGroup;
			children = (
				3D05EFE121F5C4C500174A91 /* General */,
				3D05EFDB21F5C42A00174A91 /* Stories */,
			);
			path = "Presentation Logic";
			sourceTree = "<group>";
		};
		3D05EFDB21F5C42A00174A91 /* Stories */ = {
			isa = PBXGroup;
			children = (
				3D20028B21FB5DC400E38B99 /* Profile */,
				3DCBBA8321FA063B009BCD31 /* Menu */,
				3DCBBA7A21F8FF3C009BCD31 /* Player */,
				3DB447DD21F7CB7A00F93876 /* Onboarding */,
				3DB447D421F76EE500F93876 /* Home */,
				3DB447C821F74B8B00F93876 /* Podcasts */,
				3D05EFDD21F5C44900174A91 /* Authentication */,
			);
			path = Stories;
			sourceTree = "<group>";
		};
		3D05EFDC21F5C43900174A91 /* Utils */ = {
			isa = PBXGroup;
			children = (
				3D05F01F21F6020900174A91 /* AppAlert.swift */,
				3DB447C521F66CDD00F93876 /* AppFont.swift */,
			);
			path = Utils;
			sourceTree = "<group>";
		};
		3D05EFDD21F5C44900174A91 /* Authentication */ = {
			isa = PBXGroup;
			children = (
				3D05F01621F5E45300174A91 /* AuthenticationCoordinator.swift */,
				3D05F01521F5E35100174A91 /* Controllers */,
			);
			path = Authentication;
			sourceTree = "<group>";
		};
		3D05EFDE21F5C49000174A91 /* SignInViewController */ = {
			isa = PBXGroup;
			children = (
				3D05EFDF21F5C4B200174A91 /* SignInViewController.swift */,
				3D05EFE521F5C54800174A91 /* SignInViewController.xib */,
			);
			path = SignInViewController;
			sourceTree = "<group>";
		};
		3D05EFE121F5C4C500174A91 /* General */ = {
			isa = PBXGroup;
			children = (
				5A68C3CD220C80880064A991 /* Views */,
				3DCBBA8A21FA134A009BCD31 /* Coordinators */,
				3DB447C221F642D200F93876 /* Classes */,
				3D05F02121F6022000174A91 /* Extensions */,
				3D05EFDC21F5C43900174A91 /* Utils */,
				3D05EFB921F128EE00174A91 /* AppDelegate.swift */,
			);
			path = General;
			sourceTree = "<group>";
		};
		3D05EFE221F5C4DB00174A91 /* Base */ = {
			isa = PBXGroup;
			children = (
				3D05EFE321F5C4E900174A91 /* AppViewController.swift */,
			);
			path = Base;
			sourceTree = "<group>";
		};
		3D05EFE721F5C89900174A91 /* Resources */ = {
			isa = PBXGroup;
			children = (
				85CA8F6B220AE3B4007557D9 /* CustomButtons */,
				3D05EFE821F5C8C400174A91 /* Fonts */,
				3D05EFC021F128F000174A91 /* Assets.xcassets */,
				3D05EFC221F128F000174A91 /* LaunchScreen.storyboard */,
				3D05EFC521F128F000174A91 /* Info.plist */,
			);
			path = Resources;
			sourceTree = "<group>";
		};
		3D05EFE821F5C8C400174A91 /* Fonts */ = {
			isa = PBXGroup;
			children = (
				3D05EFE921F5C8DE00174A91 /* San-Francisco-Pro-Fonts */,
			);
			path = Fonts;
			sourceTree = "<group>";
		};
		3D05EFE921F5C8DE00174A91 /* San-Francisco-Pro-Fonts */ = {
			isa = PBXGroup;
			children = (
				3D05EFEA21F5C8DE00174A91 /* SF-Pro-Display-Thin.otf */,
				3D05EFEB21F5C8DE00174A91 /* SF-Pro-Display-SemiboldItalic.otf */,
				85EAABD62209D25800436458 /* SharpSansNo1-Semibold.ttf */,
				85EAABD82209D26800436458 /* SharpSansNo1-Medium.ttf */,
				3D05EFEC21F5C8DE00174A91 /* SF-Pro-Display-RegularItalic.otf */,
				85EAABDA2209D27900436458 /* SharpSansNo1-Bold.ttf */,
				3D05EFED21F5C8DE00174A91 /* SF-Pro-Display-Light.otf */,
				3D05EFEE21F5C8DE00174A91 /* SF-Pro-Display-Regular.otf */,
				3D05EFEF21F5C8DE00174A91 /* SF-Pro-Display-Bold.otf */,
				3D05EFF021F5C8DE00174A91 /* SF-Pro-Display-Medium.otf */,
				3D05EFF121F5C8DE00174A91 /* SF-Pro-Display-Heavy.otf */,
				3D05EFF221F5C8DE00174A91 /* SF-Pro-Display-Semibold.otf */,
				3D05EFF321F5C8DE00174A91 /* README.md */,
				3D05EFF421F5C8DE00174A91 /* SF-Pro-Display-MediumItalic.otf */,
				3D05EFF521F5C8DE00174A91 /* SF-Pro-Display-HeavyItalic.otf */,
				3D05EFF621F5C8DE00174A91 /* SF-Pro-Display-Ultralight.otf */,
				3D05EFF721F5C8DE00174A91 /* SF-Pro-Display-UltralightItalic.otf */,
				3D05EFF821F5C8DE00174A91 /* SF-Pro-Display-LightItalic.otf */,
				3D05EFF921F5C8DE00174A91 /* SF-Pro-Display-BlackItalic.otf */,
				3D05EFFA21F5C8DE00174A91 /* SF-Pro-Display-Black.otf */,
				3D05EFFB21F5C8DE00174A91 /* SF-Pro-Display-ThinItalic.otf */,
				3D05EFFC21F5C8DE00174A91 /* SF-Pro-Display-BoldItalic.otf */,
			);
			path = "San-Francisco-Pro-Fonts";
			sourceTree = "<group>";
		};
		3D05F01021F5D11700174A91 /* SIgnUpViewController */ = {
			isa = PBXGroup;
			children = (
				3D05F01121F5D12E00174A91 /* SignUpViewController.swift */,
				3D05F01321F5D14400174A91 /* SignUpViewController.xib */,
			);
			path = SIgnUpViewController;
			sourceTree = "<group>";
		};
		3D05F01521F5E35100174A91 /* Controllers */ = {
			isa = PBXGroup;
			children = (
				3D05F01021F5D11700174A91 /* SIgnUpViewController */,
				3D05EFDE21F5C49000174A91 /* SignInViewController */,
			);
			path = Controllers;
			sourceTree = "<group>";
		};
		3D05F01821F5E65C00174A91 /* Errors */ = {
			isa = PBXGroup;
			children = (
				3D05EFD521F2281C00174A91 /* SimpleError.swift */,
			);
			path = Errors;
			sourceTree = "<group>";
		};
		3D05F01B21F5F5C300174A91 /* Responses */ = {
			isa = PBXGroup;
			children = (
				3D05F01D21F5F5EE00174A91 /* AuthResponse.swift */,
			);
			path = Responses;
			sourceTree = "<group>";
		};
		3D05F01C21F5F5D500174A91 /* Entities */ = {
			isa = PBXGroup;
			children = (
				3D05EFD321F21B7700174A91 /* User.swift */,
				3DCBBA8E21FA4E9D009BCD31 /* Podcast.swift */,
				3D20029521FB7E2700E38B99 /* Category.swift */,
				3D2002AB21FDB10800E38B99 /* Episode.swift */,
				3D2002AD21FDB1C800E38B99 /* File.swift */,
				7865294321FC915600A826F7 /* Profile.swift */,
			);
			path = Entities;
			sourceTree = "<group>";
		};
		3D05F02121F6022000174A91 /* Extensions */ = {
			isa = PBXGroup;
			children = (
				85CA8F74220B26EA007557D9 /* UIView +Gradient.swift */,
				3D05F02221F6023600174A91 /* UIViewController.swift */,
				3DCBBA6821F7D08C009BCD31 /* UIColor.swift */,
				7865294921FDBD5A00A826F7 /* UIImage+Resize.swift */,
				85CA8F692209EC6C007557D9 /* UIView + Inspectable.swift */,
				858EECD0220B570E00C49128 /* UITextField.swift */,
				5A68C3C6220C78240064A991 /* UIView + Controller.swift */,
			);
			path = Extensions;
			sourceTree = "<group>";
		};
		3D20028A21FB55D200E38B99 /* PodcastsListHighlitedItemView */ = {
			isa = PBXGroup;
			children = (
				3D20028821FB530600E38B99 /* PodcastsListHighlitedItemView.swift */,
				3D20028621FB508A00E38B99 /* PodcastsListHighlitedItemView.xib */,
			);
			path = PodcastsListHighlitedItemView;
			sourceTree = "<group>";
		};
		3D20028B21FB5DC400E38B99 /* Profile */ = {
			isa = PBXGroup;
			children = (
				3D20029121FB5FD800E38B99 /* ProfileCoordinator.swift */,
				3D20028C21FB5DEA00E38B99 /* Controllers */,
			);
			path = Profile;
			sourceTree = "<group>";
		};
		3D20028C21FB5DEA00E38B99 /* Controllers */ = {
			isa = PBXGroup;
			children = (
				7865293921FC645000A826F7 /* SettingsViewController */,
				7865293821FC643000A826F7 /* ProfileViewController */,
			);
			path = Controllers;
			sourceTree = "<group>";
		};
		3D20029921FBB84800E38B99 /* Controllers */ = {
			isa = PBXGroup;
			children = (
				3D20029E21FBBA0D00E38B99 /* PodcastEpisodesViewController */,
			);
			path = Controllers;
			sourceTree = "<group>";
		};
		3D20029E21FBBA0D00E38B99 /* PodcastEpisodesViewController */ = {
			isa = PBXGroup;
			children = (
				3D20029B21FBB84800E38B99 /* PodcastDetailViewController.swift */,
				3D20029A21FBB84800E38B99 /* PodcastDetailViewController.xib */,
				3D2002A521FBBA8600E38B99 /* Views */,
				3D20029F21FBBA2500E38B99 /* Cells */,
			);
			path = PodcastEpisodesViewController;
			sourceTree = "<group>";
		};
		3D20029F21FBBA2500E38B99 /* Cells */ = {
			isa = PBXGroup;
			children = (
				3D2002A421FBBA6A00E38B99 /* PodcastEpisodeCell */,
			);
			path = Cells;
			sourceTree = "<group>";
		};
		3D2002A421FBBA6A00E38B99 /* PodcastEpisodeCell */ = {
			isa = PBXGroup;
			children = (
				3D2002A121FBBA4100E38B99 /* PodcastEpisodeCell.swift */,
				3D2002A021FBBA4100E38B99 /* PodcastEpisodeCell.xib */,
			);
			path = PodcastEpisodeCell;
			sourceTree = "<group>";
		};
		3D2002A521FBBA8600E38B99 /* Views */ = {
			isa = PBXGroup;
			children = (
				3D2002A621FBBA9600E38B99 /* PodcastDetailTableHeaderView */,
			);
			path = Views;
			sourceTree = "<group>";
		};
		3D2002A621FBBA9600E38B99 /* PodcastDetailTableHeaderView */ = {
			isa = PBXGroup;
			children = (
				3D2002A821FBBA9600E38B99 /* PodcastDetailTableHeaderView.swift */,
				3D2002A721FBBA9600E38B99 /* PodcastDetailTableHeaderView.xib */,
			);
			path = PodcastDetailTableHeaderView;
			sourceTree = "<group>";
		};
		3DA16B632206299600487323 /* Utils */ = {
			isa = PBXGroup;
			children = (
				3DA16B64220629A200487323 /* AppFileLoader */,
				3D2002C12200B08A00E38B99 /* FeatureManager.swift */,
			);
			path = Utils;
			sourceTree = "<group>";
		};
		3DA16B64220629A200487323 /* AppFileLoader */ = {
			isa = PBXGroup;
			children = (
				3DA16B612205D94100487323 /* AppFileLoader.swift */,
				3DA16B6722063CF900487323 /* LoadedFile.swift */,
			);
			path = AppFileLoader;
			sourceTree = "<group>";
		};
		3DB447C221F642D200F93876 /* Classes */ = {
			isa = PBXGroup;
			children = (
				3DB447C321F644DC00F93876 /* ValidatedTextField.swift */,
				85CA8F6C220AE487007557D9 /* BaseButton */,
				3D05EFE221F5C4DB00174A91 /* Base */,
			);
			path = Classes;
			sourceTree = "<group>";
		};
		3DB447C821F74B8B00F93876 /* Podcasts */ = {
			isa = PBXGroup;
			children = (
				3D20029921FBB84800E38B99 /* Controllers */,
				3DB447C921F74B9500F93876 /* Views */,
			);
			path = Podcasts;
			sourceTree = "<group>";
		};
		3DB447C921F74B9500F93876 /* Views */ = {
			isa = PBXGroup;
			children = (
				3DB447CA21F74B9D00F93876 /* PodcastsListView */,
			);
			path = Views;
			sourceTree = "<group>";
		};
		3DB447CA21F74B9D00F93876 /* PodcastsListView */ = {
			isa = PBXGroup;
			children = (
				3D20028A21FB55D200E38B99 /* PodcastsListHighlitedItemView */,
				3DB447CF21F7532300F93876 /* PodcastsListItemView */,
				3DB447CB21F74BC500F93876 /* PodcastsListView.swift */,
				3DB447CD21F74E2A00F93876 /* PodcastsListView.xib */,
			);
			path = PodcastsListView;
			sourceTree = "<group>";
		};
		3DB447CF21F7532300F93876 /* PodcastsListItemView */ = {
			isa = PBXGroup;
			children = (
				3DB447D021F7534E00F93876 /* PodcastsListItemView.swift */,
				3DB447D221F7543F00F93876 /* PodcastsListItemView.xib */,
			);
			path = PodcastsListItemView;
			sourceTree = "<group>";
		};
		3DB447D421F76EE500F93876 /* Home */ = {
			isa = PBXGroup;
			children = (
				3DCBBA8821FA0F45009BCD31 /* HomeCoordinator.swift */,
				5A68C3C0220C6E3F0064A991 /* Controllers */,
			);
			path = Home;
			sourceTree = "<group>";
		};
		3DB447DD21F7CB7A00F93876 /* Onboarding */ = {
			isa = PBXGroup;
			children = (
				3DCBBA6A21F86B63009BCD31 /* OnboardingCoordinator.swift */,
				3DB447DE21F7CB8800F93876 /* Controllers */,
			);
			path = Onboarding;
			sourceTree = "<group>";
		};
		3DB447DE21F7CB8800F93876 /* Controllers */ = {
			isa = PBXGroup;
			children = (
				3DB447E221F7CBBB00F93876 /* PriceViewController */,
				3DB447DF21F7CBBB00F93876 /* InterestsViewController */,
			);
			path = Controllers;
			sourceTree = "<group>";
		};
		3DB447DF21F7CBBB00F93876 /* InterestsViewController */ = {
			isa = PBXGroup;
			children = (
				3DB447E021F7CBBB00F93876 /* InterestsViewController.swift */,
				3DB447E121F7CBBB00F93876 /* InterestsViewController.xib */,
				3DCBBA6C21F87522009BCD31 /* Cells */,
			);
			path = InterestsViewController;
			sourceTree = "<group>";
		};
		3DB447E221F7CBBB00F93876 /* PriceViewController */ = {
			isa = PBXGroup;
			children = (
				3DB447E321F7CBBB00F93876 /* PriceViewController.xib */,
				3DB447E421F7CBBB00F93876 /* PriceViewController.swift */,
			);
			path = PriceViewController;
			sourceTree = "<group>";
		};
		3DCBBA6C21F87522009BCD31 /* Cells */ = {
			isa = PBXGroup;
			children = (
				3DCBBA7121F87581009BCD31 /* TagViewCell */,
			);
			path = Cells;
			sourceTree = "<group>";
		};
		3DCBBA7121F87581009BCD31 /* TagViewCell */ = {
			isa = PBXGroup;
			children = (
				3DCBBA6E21F8757C009BCD31 /* TagViewCell.swift */,
				3DCBBA6D21F8757C009BCD31 /* TagViewCell.xib */,
			);
			path = TagViewCell;
			sourceTree = "<group>";
		};
		3DCBBA7A21F8FF3C009BCD31 /* Player */ = {
			isa = PBXGroup;
			children = (
				3D2002AF21FDF5E500E38B99 /* PlayerCoordinator.swift */,
				3DCBBA7B21F90050009BCD31 /* Controllers */,
			);
			path = Player;
			sourceTree = "<group>";
		};
		3DCBBA7B21F90050009BCD31 /* Controllers */ = {
			isa = PBXGroup;
			children = (
				3DCBBA7C21F90063009BCD31 /* PlayerViewController */,
			);
			path = Controllers;
			sourceTree = "<group>";
		};
		3DCBBA7C21F90063009BCD31 /* PlayerViewController */ = {
			isa = PBXGroup;
			children = (
				3DCBBA7E21F90063009BCD31 /* PlayerViewController.swift */,
				3D798AEA220DA07000B3DF26 /* PlayerBaseViewController.swift */,
				3DCBBA7D21F90063009BCD31 /* PlayerViewControllerFullScreen.xib */,
				3DDCCFE6220854C500244311 /* PlayerViewControllerMini.xib */,
			);
			path = PlayerViewController;
			sourceTree = "<group>";
		};
		3DCBBA8321FA063B009BCD31 /* Menu */ = {
			isa = PBXGroup;
			children = (
				3DCBBA8421FA0703009BCD31 /* MenuCoordinator.swift */,
			);
			path = Menu;
			sourceTree = "<group>";
		};
		3DCBBA8A21FA134A009BCD31 /* Coordinators */ = {
			isa = PBXGroup;
			children = (
				7865293E21FC651400A826F7 /* ImagePickerCoordinator */,
				3DCBBA7321F8943F009BCD31 /* Coordinator.swift */,
				3DB447C021F60F9D00F93876 /* AppFlowCoordinator.swift */,
				3DCBBA8621FA0BAA009BCD31 /* MainFlowCoordinator.swift */,
			);
			path = Coordinators;
			sourceTree = "<group>";
		};
		5A68C3C0220C6E3F0064A991 /* Controllers */ = {
			isa = PBXGroup;
			children = (
				5A68C3D4220C838E0064A991 /* ShowsViewController */,
				5A68C3C8220C7A790064A991 /* NewReleasesViewController */,
				5A68C3C1220C6E4C0064A991 /* HomeContainerViewController */,
			);
			path = Controllers;
			sourceTree = "<group>";
		};
		5A68C3C1220C6E4C0064A991 /* HomeContainerViewController */ = {
			isa = PBXGroup;
			children = (
				5A68C3C2220C6E6C0064A991 /* HomeContainerViewController.swift */,
				5A68C3C3220C6E6C0064A991 /* HomeContainerViewController.xib */,
			);
			path = HomeContainerViewController;
			sourceTree = "<group>";
		};
		5A68C3C8220C7A790064A991 /* NewReleasesViewController */ = {
			isa = PBXGroup;
			children = (
				5A68C3CA220C7CC40064A991 /* NewReleaseViewController.swift */,
				5A68C3C9220C7CC40064A991 /* NewReleaseViewController.xib */,
			);
			path = NewReleasesViewController;
			sourceTree = "<group>";
		};
		5A68C3CD220C80880064A991 /* Views */ = {
			isa = PBXGroup;
			children = (
				5A68C3D9220C853E0064A991 /* UICollectionViewCell */,
				5A68C3CE220C808D0064A991 /* UITableViewCell */,
			);
			path = Views;
			sourceTree = "<group>";
		};
		5A68C3CE220C808D0064A991 /* UITableViewCell */ = {
			isa = PBXGroup;
			children = (
				5A68C3CF220C80970064A991 /* ReleaseTableViewCell */,
			);
			path = UITableViewCell;
			sourceTree = "<group>";
		};
		5A68C3CF220C80970064A991 /* ReleaseTableViewCell */ = {
			isa = PBXGroup;
			children = (
				5A68C3D0220C80AC0064A991 /* ReleaseTableViewCell.swift */,
				5A68C3D1220C80AC0064A991 /* ReleaseTableViewCell.xib */,
			);
			path = ReleaseTableViewCell;
			sourceTree = "<group>";
		};
		5A68C3D4220C838E0064A991 /* ShowsViewController */ = {
			isa = PBXGroup;
			children = (
				5A68C3D5220C83E20064A991 /* ShowsViewController.swift */,
				5A68C3D6220C83E20064A991 /* ShowsViewController.xib */,
			);
			path = ShowsViewController;
			sourceTree = "<group>";
		};
		5A68C3D9220C853E0064A991 /* UICollectionViewCell */ = {
			isa = PBXGroup;
			children = (
				5A68C3DA220C85510064A991 /* ImageCollectionViewCell */,
			);
			path = UICollectionViewCell;
			sourceTree = "<group>";
		};
		5A68C3DA220C85510064A991 /* ImageCollectionViewCell */ = {
			isa = PBXGroup;
			children = (
				5A68C3DC220C85740064A991 /* ImageCollectionViewCell.swift */,
				5A68C3DD220C85740064A991 /* ImageCollectionViewCell.xib */,
			);
			path = ImageCollectionViewCell;
			sourceTree = "<group>";
		};
		65E97A5620630B01F8C70077 /* Pods */ = {
			isa = PBXGroup;
			children = (
				488F898F4235E136B7D311B4 /* Pods-Brew.debug.xcconfig */,
				88A54173F7B7B92D0BC3E336 /* Pods-Brew.release.xcconfig */,
			);
			name = Pods;
			sourceTree = "<group>";
		};
		7865293821FC643000A826F7 /* ProfileViewController */ = {
			isa = PBXGroup;
			children = (
				3D20028E21FB5DEA00E38B99 /* ProfileViewController.swift */,
				3D20028D21FB5DEA00E38B99 /* ProfileViewController.xib */,
			);
			path = ProfileViewController;
			sourceTree = "<group>";
		};
		7865293921FC645000A826F7 /* SettingsViewController */ = {
			isa = PBXGroup;
			children = (
				7865293A21FC646700A826F7 /* SettingsViewController.swift */,
				7865293B21FC646700A826F7 /* SettingsViewController.xib */,
			);
			path = SettingsViewController;
			sourceTree = "<group>";
		};
		7865293E21FC651400A826F7 /* ImagePickerCoordinator */ = {
			isa = PBXGroup;
			children = (
				7865293F21FC653000A826F7 /* ImagePickerCoordinator.swift */,
			);
			path = ImagePickerCoordinator;
			sourceTree = "<group>";
		};
		85CA8F6B220AE3B4007557D9 /* CustomButtons */ = {
			isa = PBXGroup;
			children = (
				85CA8F6F220AE4C7007557D9 /* PodcastButton */,
			);
			path = CustomButtons;
			sourceTree = "<group>";
		};
		85CA8F6C220AE487007557D9 /* BaseButton */ = {
			isa = PBXGroup;
			children = (
				85CA8F6D220AE487007557D9 /* BaseButton.swift */,
			);
			path = BaseButton;
			sourceTree = "<group>";
		};
		85CA8F6F220AE4C7007557D9 /* PodcastButton */ = {
			isa = PBXGroup;
			children = (
				85CA8F70220AE4C7007557D9 /* PodcastButton.swift */,
				85CA8F71220AE4C7007557D9 /* PodcastButton.xib */,
			);
			path = PodcastButton;
			sourceTree = "<group>";
		};
		CFCEA6CE197181213CF7B381 /* Frameworks */ = {
			isa = PBXGroup;
			children = (
				7E400C05C3172ECE4CF1CA52 /* Pods_Brew.framework */,
			);
			name = Frameworks;
			sourceTree = "<group>";
		};
/* End PBXGroup section */

/* Begin PBXNativeTarget section */
		3D05EFB521F128EE00174A91 /* Brew */ = {
			isa = PBXNativeTarget;
			buildConfigurationList = 3D05EFC821F128F000174A91 /* Build configuration list for PBXNativeTarget "Brew" */;
			buildPhases = (
				A1ACD3A4ED7787F00B404552 /* [CP] Check Pods Manifest.lock */,
				3D05EFB221F128EE00174A91 /* Sources */,
				3D05EFB321F128EE00174A91 /* Frameworks */,
				3D05EFB421F128EE00174A91 /* Resources */,
				BC57CBBEB65538D9CA49832E /* [CP] Embed Pods Frameworks */,
			);
			buildRules = (
			);
			dependencies = (
			);
			name = Brew;
			productName = Brew;
			productReference = 3D05EFB621F128EE00174A91 /* Brew.app */;
			productType = "com.apple.product-type.application";
		};
/* End PBXNativeTarget section */

/* Begin PBXProject section */
		3D05EFAE21F128EE00174A91 /* Project object */ = {
			isa = PBXProject;
			attributes = {
				LastSwiftUpdateCheck = 1010;
				LastUpgradeCheck = 1010;
				ORGANIZATIONNAME = NerdzLab;
				TargetAttributes = {
					3D05EFB521F128EE00174A91 = {
						CreatedOnToolsVersion = 10.1;
						SystemCapabilities = {
							com.apple.BackgroundModes = {
								enabled = 1;
							};
						};
					};
				};
			};
			buildConfigurationList = 3D05EFB121F128EE00174A91 /* Build configuration list for PBXProject "Brew" */;
			compatibilityVersion = "Xcode 9.3";
			developmentRegion = en;
			hasScannedForEncodings = 0;
			knownRegions = (
				en,
				Base,
			);
			mainGroup = 3D05EFAD21F128EE00174A91;
			productRefGroup = 3D05EFB721F128EE00174A91 /* Products */;
			projectDirPath = "";
			projectRoot = "";
			targets = (
				3D05EFB521F128EE00174A91 /* Brew */,
			);
		};
/* End PBXProject section */

/* Begin PBXResourcesBuildPhase section */
		3D05EFB421F128EE00174A91 /* Resources */ = {
			isa = PBXResourcesBuildPhase;
			buildActionMask = 2147483647;
			files = (
				3D05F00521F5C8DE00174A91 /* SF-Pro-Display-Semibold.otf in Resources */,
				3D05F00021F5C8DE00174A91 /* SF-Pro-Display-Light.otf in Resources */,
				3D05F00421F5C8DE00174A91 /* SF-Pro-Display-Heavy.otf in Resources */,
				3D05EFFD21F5C8DE00174A91 /* SF-Pro-Display-Thin.otf in Resources */,
				3D05F00821F5C8DE00174A91 /* SF-Pro-Display-HeavyItalic.otf in Resources */,
				3D05F01421F5D14400174A91 /* SignUpViewController.xib in Resources */,
				3D05F00721F5C8DE00174A91 /* SF-Pro-Display-MediumItalic.otf in Resources */,
				3D05F00621F5C8DE00174A91 /* README.md in Resources */,
				3DCBBA6F21F8757C009BCD31 /* TagViewCell.xib in Resources */,
				85CA8F73220AE4C7007557D9 /* PodcastButton.xib in Resources */,
				3D20029C21FBB84800E38B99 /* PodcastDetailViewController.xib in Resources */,
				3D05F00D21F5C8DE00174A91 /* SF-Pro-Display-Black.otf in Resources */,
				3DB447CE21F74E2A00F93876 /* PodcastsListView.xib in Resources */,
				3DCBBA7F21F90063009BCD31 /* PlayerViewControllerFullScreen.xib in Resources */,
				3D05F00221F5C8DE00174A91 /* SF-Pro-Display-Bold.otf in Resources */,
				3D05F00B21F5C8DE00174A91 /* SF-Pro-Display-LightItalic.otf in Resources */,
				3DB447D321F7543F00F93876 /* PodcastsListItemView.xib in Resources */,
				3D2002A221FBBA4100E38B99 /* PodcastEpisodeCell.xib in Resources */,
				3D05F00E21F5C8DE00174A91 /* SF-Pro-Display-ThinItalic.otf in Resources */,
				5A68C3D8220C83E20064A991 /* ShowsViewController.xib in Resources */,
				3D05F00121F5C8DE00174A91 /* SF-Pro-Display-Regular.otf in Resources */,
				7865293D21FC646700A826F7 /* SettingsViewController.xib in Resources */,
				3D05F00321F5C8DE00174A91 /* SF-Pro-Display-Medium.otf in Resources */,
				3D05EFE621F5C54800174A91 /* SignInViewController.xib in Resources */,
				3D05F00921F5C8DE00174A91 /* SF-Pro-Display-Ultralight.otf in Resources */,
				85EAABD92209D26900436458 /* SharpSansNo1-Medium.ttf in Resources */,
				3D05EFFF21F5C8DE00174A91 /* SF-Pro-Display-RegularItalic.otf in Resources */,
				85EAABDB2209D27900436458 /* SharpSansNo1-Bold.ttf in Resources */,
				3D05EFC421F128F000174A91 /* LaunchScreen.storyboard in Resources */,
				3D20028721FB508A00E38B99 /* PodcastsListHighlitedItemView.xib in Resources */,
				3D05F00C21F5C8DE00174A91 /* SF-Pro-Display-BlackItalic.otf in Resources */,
				85EAABD72209D25800436458 /* SharpSansNo1-Semibold.ttf in Resources */,
				5A68C3C5220C6E6C0064A991 /* HomeContainerViewController.xib in Resources */,
				3D05F00F21F5C8DE00174A91 /* SF-Pro-Display-BoldItalic.otf in Resources */,
				5A68C3DF220C85740064A991 /* ImageCollectionViewCell.xib in Resources */,
				3D20028F21FB5DEA00E38B99 /* ProfileViewController.xib in Resources */,
				3DDCCFE7220854C500244311 /* PlayerViewControllerMini.xib in Resources */,
				3DB447E721F7CBBB00F93876 /* PriceViewController.xib in Resources */,
				3D05F00A21F5C8DE00174A91 /* SF-Pro-Display-UltralightItalic.otf in Resources */,
				5A68C3CB220C7CC40064A991 /* NewReleaseViewController.xib in Resources */,
				3D05EFC121F128F000174A91 /* Assets.xcassets in Resources */,
				3D2002A921FBBA9600E38B99 /* PodcastDetailTableHeaderView.xib in Resources */,
				5A68C3D3220C80AC0064A991 /* ReleaseTableViewCell.xib in Resources */,
				3D05EFFE21F5C8DE00174A91 /* SF-Pro-Display-SemiboldItalic.otf in Resources */,
				3DB447E621F7CBBB00F93876 /* InterestsViewController.xib in Resources */,
			);
			runOnlyForDeploymentPostprocessing = 0;
		};
/* End PBXResourcesBuildPhase section */

/* Begin PBXShellScriptBuildPhase section */
		A1ACD3A4ED7787F00B404552 /* [CP] Check Pods Manifest.lock */ = {
			isa = PBXShellScriptBuildPhase;
			buildActionMask = 2147483647;
			files = (
			);
			inputPaths = (
				"${PODS_PODFILE_DIR_PATH}/Podfile.lock",
				"${PODS_ROOT}/Manifest.lock",
			);
			name = "[CP] Check Pods Manifest.lock";
			outputPaths = (
				"$(DERIVED_FILE_DIR)/Pods-Brew-checkManifestLockResult.txt",
			);
			runOnlyForDeploymentPostprocessing = 0;
			shellPath = /bin/sh;
			shellScript = "diff \"${PODS_PODFILE_DIR_PATH}/Podfile.lock\" \"${PODS_ROOT}/Manifest.lock\" > /dev/null\nif [ $? != 0 ] ; then\n    # print error to STDERR\n    echo \"error: The sandbox is not in sync with the Podfile.lock. Run 'pod install' or update your CocoaPods installation.\" >&2\n    exit 1\nfi\n# This output is used by Xcode 'outputs' to avoid re-running this script phase.\necho \"SUCCESS\" > \"${SCRIPT_OUTPUT_FILE_0}\"\n";
			showEnvVarsInLog = 0;
		};
		BC57CBBEB65538D9CA49832E /* [CP] Embed Pods Frameworks */ = {
			isa = PBXShellScriptBuildPhase;
			buildActionMask = 2147483647;
			files = (
			);
			inputPaths = (
				"${SRCROOT}/Pods/Target Support Files/Pods-Brew/Pods-Brew-frameworks.sh",
				"${BUILT_PRODUCTS_DIR}/AlignedCollectionViewFlowLayout/AlignedCollectionViewFlowLayout.framework",
				"${BUILT_PRODUCTS_DIR}/LDProgressView/LDProgressView.framework",
				"${BUILT_PRODUCTS_DIR}/MGSwipeTableCell/MGSwipeTableCell.framework",
				"${BUILT_PRODUCTS_DIR}/RMStore/RMStore.framework",
				"${BUILT_PRODUCTS_DIR}/Reusable/Reusable.framework",
				"${BUILT_PRODUCTS_DIR}/SDWebImage/SDWebImage.framework",
				"${BUILT_PRODUCTS_DIR}/STRatingControl/STRatingControl.framework",
				"${BUILT_PRODUCTS_DIR}/TPKeyboardAvoiding/TPKeyboardAvoiding.framework",
			);
			name = "[CP] Embed Pods Frameworks";
			outputPaths = (
				"${TARGET_BUILD_DIR}/${FRAMEWORKS_FOLDER_PATH}/AlignedCollectionViewFlowLayout.framework",
				"${TARGET_BUILD_DIR}/${FRAMEWORKS_FOLDER_PATH}/LDProgressView.framework",
				"${TARGET_BUILD_DIR}/${FRAMEWORKS_FOLDER_PATH}/MGSwipeTableCell.framework",
				"${TARGET_BUILD_DIR}/${FRAMEWORKS_FOLDER_PATH}/RMStore.framework",
				"${TARGET_BUILD_DIR}/${FRAMEWORKS_FOLDER_PATH}/Reusable.framework",
				"${TARGET_BUILD_DIR}/${FRAMEWORKS_FOLDER_PATH}/SDWebImage.framework",
				"${TARGET_BUILD_DIR}/${FRAMEWORKS_FOLDER_PATH}/STRatingControl.framework",
				"${TARGET_BUILD_DIR}/${FRAMEWORKS_FOLDER_PATH}/TPKeyboardAvoiding.framework",
			);
			runOnlyForDeploymentPostprocessing = 0;
			shellPath = /bin/sh;
			shellScript = "\"${SRCROOT}/Pods/Target Support Files/Pods-Brew/Pods-Brew-frameworks.sh\"\n";
			showEnvVarsInLog = 0;
		};
/* End PBXShellScriptBuildPhase section */

/* Begin PBXSourcesBuildPhase section */
		3D05EFB221F128EE00174A91 /* Sources */ = {
			isa = PBXSourcesBuildPhase;
			buildActionMask = 2147483647;
			files = (
				5A68C3C4220C6E6C0064A991 /* HomeContainerViewController.swift in Sources */,
				3D2002AC21FDB10800E38B99 /* Episode.swift in Sources */,
				5A68C3DE220C85740064A991 /* ImageCollectionViewCell.swift in Sources */,
				3DB447C621F66CDD00F93876 /* AppFont.swift in Sources */,
				3DB447C421F644DC00F93876 /* ValidatedTextField.swift in Sources */,
				5A68C3CC220C7CC40064A991 /* NewReleaseViewController.swift in Sources */,
				3D2002AA21FBBA9600E38B99 /* PodcastDetailTableHeaderView.swift in Sources */,
				3DCBBA7721F8D22F009BCD31 /* AppAuthManager.swift in Sources */,
				3DB447E521F7CBBB00F93876 /* InterestsViewController.swift in Sources */,
				3D05EFE021F5C4B200174A91 /* SignInViewController.swift in Sources */,
				85CA8F72220AE4C7007557D9 /* PodcastButton.swift in Sources */,
				3D2002B021FDF5E500E38B99 /* PlayerCoordinator.swift in Sources */,
				5A68C3D2220C80AC0064A991 /* ReleaseTableViewCell.swift in Sources */,
				3D05EFCE21F13B1600174A91 /* Networking.swift in Sources */,
				3DA16B622205D94100487323 /* AppFileLoader.swift in Sources */,
				5A68C3C7220C78240064A991 /* UIView + Controller.swift in Sources */,
				3D2002AE21FDB1C800E38B99 /* File.swift in Sources */,
				858EECD1220B570E00C49128 /* UITextField.swift in Sources */,
				3D05F02021F6020900174A91 /* AppAlert.swift in Sources */,
				3DCBBA6921F7D08C009BCD31 /* UIColor.swift in Sources */,
				3DB447E821F7CBBB00F93876 /* PriceViewController.swift in Sources */,
				3D2002A321FBBA4100E38B99 /* PodcastEpisodeCell.swift in Sources */,
				3D798AEB220DA07000B3DF26 /* PlayerBaseViewController.swift in Sources */,
				3D05F01221F5D12E00174A91 /* SignUpViewController.swift in Sources */,
				3DB447D121F7534E00F93876 /* PodcastsListItemView.swift in Sources */,
				3DCBBA6B21F86B63009BCD31 /* OnboardingCoordinator.swift in Sources */,
				3D05EFE421F5C4E900174A91 /* AppViewController.swift in Sources */,
				3D05EFD121F21A2400174A91 /* LoginRequest.swift in Sources */,
				3D05EFD621F2281C00174A91 /* SimpleError.swift in Sources */,
				3D20029221FB5FD800E38B99 /* ProfileCoordinator.swift in Sources */,
				3D05F02321F6023600174A91 /* UIViewController.swift in Sources */,
				3DCBBA8021F90063009BCD31 /* PlayerViewController.swift in Sources */,
				3D05F01721F5E45300174A91 /* AuthenticationCoordinator.swift in Sources */,
				3D05F01A21F5F1BF00174A91 /* SignUpRequest.swift in Sources */,
				3D20029621FB7E2700E38B99 /* Category.swift in Sources */,
				7865294021FC653000A826F7 /* ImagePickerCoordinator.swift in Sources */,
				3DCBBA8521FA0703009BCD31 /* MenuCoordinator.swift in Sources */,
				3DB447C121F60F9D00F93876 /* AppFlowCoordinator.swift in Sources */,
				3DCBBA7021F8757C009BCD31 /* TagViewCell.swift in Sources */,
				3D20028921FB530600E38B99 /* PodcastsListHighlitedItemView.swift in Sources */,
				7865294421FC915600A826F7 /* Profile.swift in Sources */,
				3DCBBA8721FA0BAA009BCD31 /* MainFlowCoordinator.swift in Sources */,
				3D20029D21FBB84800E38B99 /* PodcastDetailViewController.swift in Sources */,
				3D05F01E21F5F5EE00174A91 /* AuthResponse.swift in Sources */,
				7865294821FCB33D00A826F7 /* UpdateProfileInfoRequest.swift in Sources */,
				3D20029821FB7E7700E38B99 /* GetAllCategoriesRequest.swift in Sources */,
				7865294221FC776A00A826F7 /* ChangePasswordRequest.swift in Sources */,
				5A68C3D7220C83E20064A991 /* ShowsViewController.swift in Sources */,
				3DCBBA7921F8DBCD009BCD31 /* TokenRefreshRequest.swift in Sources */,
				7865293C21FC646700A826F7 /* SettingsViewController.swift in Sources */,
				85CA8F75220B26EB007557D9 /* UIView +Gradient.swift in Sources */,
				3DA16B6822063CF900487323 /* LoadedFile.swift in Sources */,
				3D05EFD421F21B7700174A91 /* User.swift in Sources */,
				3DCBBA8921FA0F45009BCD31 /* HomeCoordinator.swift in Sources */,
				3DCBBA7421F8943F009BCD31 /* Coordinator.swift in Sources */,
				7865294A21FDBD5A00A826F7 /* UIImage+Resize.swift in Sources */,
				3DCBBA8F21FA4E9D009BCD31 /* Podcast.swift in Sources */,
				3D2002C22200B08A00E38B99 /* FeatureManager.swift in Sources */,
				85CA8F6E220AE487007557D9 /* BaseButton.swift in Sources */,
				3D20029421FB6D9B00E38B99 /* GetCurrentUserRequest.swift in Sources */,
				3DCBBA8C21FA2322009BCD31 /* GetPodcastsRequest.swift in Sources */,
				3D20029021FB5DEA00E38B99 /* ProfileViewController.swift in Sources */,
				3DB447CC21F74BC500F93876 /* PodcastsListView.swift in Sources */,
				85CA8F6A2209EC6C007557D9 /* UIView + Inspectable.swift in Sources */,
				3D05EFBA21F128EE00174A91 /* AppDelegate.swift in Sources */,
			);
			runOnlyForDeploymentPostprocessing = 0;
		};
/* End PBXSourcesBuildPhase section */

/* Begin PBXVariantGroup section */
		3D05EFC221F128F000174A91 /* LaunchScreen.storyboard */ = {
			isa = PBXVariantGroup;
			children = (
				3D05EFC321F128F000174A91 /* Base */,
			);
			name = LaunchScreen.storyboard;
			sourceTree = "<group>";
		};
/* End PBXVariantGroup section */

/* Begin XCBuildConfiguration section */
		3D05EFC621F128F000174A91 /* Debug */ = {
			isa = XCBuildConfiguration;
			buildSettings = {
				ALWAYS_SEARCH_USER_PATHS = NO;
				CLANG_ANALYZER_NONNULL = YES;
				CLANG_ANALYZER_NUMBER_OBJECT_CONVERSION = YES_AGGRESSIVE;
				CLANG_CXX_LANGUAGE_STANDARD = "gnu++14";
				CLANG_CXX_LIBRARY = "libc++";
				CLANG_ENABLE_MODULES = YES;
				CLANG_ENABLE_OBJC_ARC = YES;
				CLANG_ENABLE_OBJC_WEAK = YES;
				CLANG_WARN_BLOCK_CAPTURE_AUTORELEASING = YES;
				CLANG_WARN_BOOL_CONVERSION = YES;
				CLANG_WARN_COMMA = YES;
				CLANG_WARN_CONSTANT_CONVERSION = YES;
				CLANG_WARN_DEPRECATED_OBJC_IMPLEMENTATIONS = YES;
				CLANG_WARN_DIRECT_OBJC_ISA_USAGE = YES_ERROR;
				CLANG_WARN_DOCUMENTATION_COMMENTS = YES;
				CLANG_WARN_EMPTY_BODY = YES;
				CLANG_WARN_ENUM_CONVERSION = YES;
				CLANG_WARN_INFINITE_RECURSION = YES;
				CLANG_WARN_INT_CONVERSION = YES;
				CLANG_WARN_NON_LITERAL_NULL_CONVERSION = YES;
				CLANG_WARN_OBJC_IMPLICIT_RETAIN_SELF = YES;
				CLANG_WARN_OBJC_LITERAL_CONVERSION = YES;
				CLANG_WARN_OBJC_ROOT_CLASS = YES_ERROR;
				CLANG_WARN_RANGE_LOOP_ANALYSIS = YES;
				CLANG_WARN_STRICT_PROTOTYPES = YES;
				CLANG_WARN_SUSPICIOUS_MOVE = YES;
				CLANG_WARN_UNGUARDED_AVAILABILITY = YES_AGGRESSIVE;
				CLANG_WARN_UNREACHABLE_CODE = YES;
				CLANG_WARN__DUPLICATE_METHOD_MATCH = YES;
				CODE_SIGN_IDENTITY = "iPhone Developer";
				COPY_PHASE_STRIP = NO;
				DEBUG_INFORMATION_FORMAT = dwarf;
				ENABLE_STRICT_OBJC_MSGSEND = YES;
				ENABLE_TESTABILITY = YES;
				GCC_C_LANGUAGE_STANDARD = gnu11;
				GCC_DYNAMIC_NO_PIC = NO;
				GCC_NO_COMMON_BLOCKS = YES;
				GCC_OPTIMIZATION_LEVEL = 0;
				GCC_PREPROCESSOR_DEFINITIONS = (
					"DEBUG=1",
					"$(inherited)",
				);
				GCC_WARN_64_TO_32_BIT_CONVERSION = YES;
				GCC_WARN_ABOUT_RETURN_TYPE = YES_ERROR;
				GCC_WARN_UNDECLARED_SELECTOR = YES;
				GCC_WARN_UNINITIALIZED_AUTOS = YES_AGGRESSIVE;
				GCC_WARN_UNUSED_FUNCTION = YES;
				GCC_WARN_UNUSED_VARIABLE = YES;
				IPHONEOS_DEPLOYMENT_TARGET = 12.1;
				MTL_ENABLE_DEBUG_INFO = INCLUDE_SOURCE;
				MTL_FAST_MATH = YES;
				ONLY_ACTIVE_ARCH = YES;
				SDKROOT = iphoneos;
				SWIFT_ACTIVE_COMPILATION_CONDITIONS = DEBUG;
				SWIFT_OPTIMIZATION_LEVEL = "-Onone";
			};
			name = Debug;
		};
		3D05EFC721F128F000174A91 /* Release */ = {
			isa = XCBuildConfiguration;
			buildSettings = {
				ALWAYS_SEARCH_USER_PATHS = NO;
				CLANG_ANALYZER_NONNULL = YES;
				CLANG_ANALYZER_NUMBER_OBJECT_CONVERSION = YES_AGGRESSIVE;
				CLANG_CXX_LANGUAGE_STANDARD = "gnu++14";
				CLANG_CXX_LIBRARY = "libc++";
				CLANG_ENABLE_MODULES = YES;
				CLANG_ENABLE_OBJC_ARC = YES;
				CLANG_ENABLE_OBJC_WEAK = YES;
				CLANG_WARN_BLOCK_CAPTURE_AUTORELEASING = YES;
				CLANG_WARN_BOOL_CONVERSION = YES;
				CLANG_WARN_COMMA = YES;
				CLANG_WARN_CONSTANT_CONVERSION = YES;
				CLANG_WARN_DEPRECATED_OBJC_IMPLEMENTATIONS = YES;
				CLANG_WARN_DIRECT_OBJC_ISA_USAGE = YES_ERROR;
				CLANG_WARN_DOCUMENTATION_COMMENTS = YES;
				CLANG_WARN_EMPTY_BODY = YES;
				CLANG_WARN_ENUM_CONVERSION = YES;
				CLANG_WARN_INFINITE_RECURSION = YES;
				CLANG_WARN_INT_CONVERSION = YES;
				CLANG_WARN_NON_LITERAL_NULL_CONVERSION = YES;
				CLANG_WARN_OBJC_IMPLICIT_RETAIN_SELF = YES;
				CLANG_WARN_OBJC_LITERAL_CONVERSION = YES;
				CLANG_WARN_OBJC_ROOT_CLASS = YES_ERROR;
				CLANG_WARN_RANGE_LOOP_ANALYSIS = YES;
				CLANG_WARN_STRICT_PROTOTYPES = YES;
				CLANG_WARN_SUSPICIOUS_MOVE = YES;
				CLANG_WARN_UNGUARDED_AVAILABILITY = YES_AGGRESSIVE;
				CLANG_WARN_UNREACHABLE_CODE = YES;
				CLANG_WARN__DUPLICATE_METHOD_MATCH = YES;
				CODE_SIGN_IDENTITY = "iPhone Developer";
				COPY_PHASE_STRIP = NO;
				DEBUG_INFORMATION_FORMAT = "dwarf-with-dsym";
				ENABLE_NS_ASSERTIONS = NO;
				ENABLE_STRICT_OBJC_MSGSEND = YES;
				GCC_C_LANGUAGE_STANDARD = gnu11;
				GCC_NO_COMMON_BLOCKS = YES;
				GCC_WARN_64_TO_32_BIT_CONVERSION = YES;
				GCC_WARN_ABOUT_RETURN_TYPE = YES_ERROR;
				GCC_WARN_UNDECLARED_SELECTOR = YES;
				GCC_WARN_UNINITIALIZED_AUTOS = YES_AGGRESSIVE;
				GCC_WARN_UNUSED_FUNCTION = YES;
				GCC_WARN_UNUSED_VARIABLE = YES;
				IPHONEOS_DEPLOYMENT_TARGET = 12.1;
				MTL_ENABLE_DEBUG_INFO = NO;
				MTL_FAST_MATH = YES;
				SDKROOT = iphoneos;
				SWIFT_COMPILATION_MODE = wholemodule;
				SWIFT_OPTIMIZATION_LEVEL = "-O";
				VALIDATE_PRODUCT = YES;
			};
			name = Release;
		};
		3D05EFC921F128F000174A91 /* Debug */ = {
			isa = XCBuildConfiguration;
			baseConfigurationReference = 488F898F4235E136B7D311B4 /* Pods-Brew.debug.xcconfig */;
			buildSettings = {
				ASSETCATALOG_COMPILER_APPICON_NAME = AppIcon;
				CODE_SIGN_STYLE = Automatic;
				DEVELOPMENT_TEAM = J6L4QH59CC;
				INFOPLIST_FILE = Brew/Resources/Info.plist;
				IPHONEOS_DEPLOYMENT_TARGET = 11.0;
				LD_RUNPATH_SEARCH_PATHS = (
					"$(inherited)",
					"@executable_path/Frameworks",
				);
				PRODUCT_BUNDLE_IDENTIFIER = nerdzlab.com.Brew;
				PRODUCT_NAME = "$(TARGET_NAME)";
				SWIFT_VERSION = 4.2;
				TARGETED_DEVICE_FAMILY = 1;
			};
			name = Debug;
		};
		3D05EFCA21F128F000174A91 /* Release */ = {
			isa = XCBuildConfiguration;
			baseConfigurationReference = 88A54173F7B7B92D0BC3E336 /* Pods-Brew.release.xcconfig */;
			buildSettings = {
				ASSETCATALOG_COMPILER_APPICON_NAME = AppIcon;
				CODE_SIGN_STYLE = Automatic;
				DEVELOPMENT_TEAM = J6L4QH59CC;
				INFOPLIST_FILE = Brew/Resources/Info.plist;
				IPHONEOS_DEPLOYMENT_TARGET = 11.0;
				LD_RUNPATH_SEARCH_PATHS = (
					"$(inherited)",
					"@executable_path/Frameworks",
				);
				PRODUCT_BUNDLE_IDENTIFIER = nerdzlab.com.Brew;
				PRODUCT_NAME = "$(TARGET_NAME)";
				SWIFT_VERSION = 4.2;
				TARGETED_DEVICE_FAMILY = 1;
			};
			name = Release;
		};
/* End XCBuildConfiguration section */

/* Begin XCConfigurationList section */
		3D05EFB121F128EE00174A91 /* Build configuration list for PBXProject "Brew" */ = {
			isa = XCConfigurationList;
			buildConfigurations = (
				3D05EFC621F128F000174A91 /* Debug */,
				3D05EFC721F128F000174A91 /* Release */,
			);
			defaultConfigurationIsVisible = 0;
			defaultConfigurationName = Release;
		};
		3D05EFC821F128F000174A91 /* Build configuration list for PBXNativeTarget "Brew" */ = {
			isa = XCConfigurationList;
			buildConfigurations = (
				3D05EFC921F128F000174A91 /* Debug */,
				3D05EFCA21F128F000174A91 /* Release */,
			);
			defaultConfigurationIsVisible = 0;
			defaultConfigurationName = Release;
		};
/* End XCConfigurationList section */
	};
	rootObject = 3D05EFAE21F128EE00174A91 /* Project object */;
}
